Microsoft Visual Studio Solution File, Format Version 12.00
# Visual Studio Version 17
VisualStudioVersion = 17.5.2.0
MinimumVisualStudioVersion = 10.0.40219.1
Project("{2150E333-8FDC-42A3-9474-1A3956D46DE8}") = "openmesh-win", "openmesh-win", "{61F7DB6D-C6B7-6DB5-077C-A7087F478407}"
EndProject
Project("{FAE04EC0-301F-11D3-BF4B-00C04F79EFBC}") = "OpenMeshWin", "OpenMeshWin.csproj", "{E24ACAB7-7F46-4081-E44F-734A754EA604}"
EndProject
Project("{FAE04EC0-301F-11D3-BF4B-00C04F79EFBC}") = "OpenMeshWin.Core", "core\OpenMeshWin.Core\OpenMeshWin.Core.csproj", "{8C93A7A7-5F7A-4EC1-9D18-2B577D511871}"
EndProject
Project("{FAE04EC0-301F-11D3-BF4B-00C04F79EFBC}") = "OpenMeshWin.Service", "service\OpenMeshWin.Service\OpenMeshWin.Service.csproj", "{A1E4D4D2-5D2C-4F58-9D2A-0E1D58E79990}"
EndProject
Global
	GlobalSection(SolutionConfigurationPlatforms) = preSolution
		Debug|Any CPU = Debug|Any CPU
		Release|Any CPU = Release|Any CPU
	EndGlobalSection
	GlobalSection(ProjectConfigurationPlatforms) = postSolution
		{E24ACAB7-7F46-4081-E44F-734A754EA604}.Debug|Any CPU.ActiveCfg = Debug|Any CPU
		{E24ACAB7-7F46-4081-E44F-734A754EA604}.Debug|Any CPU.Build.0 = Debug|Any CPU
		{E24ACAB7-7F46-4081-E44F-734A754EA604}.Release|Any CPU.ActiveCfg = Release|Any CPU
		{E24ACAB7-7F46-4081-E44F-734A754EA604}.Release|Any CPU.Build.0 = Release|Any CPU
		{8C93A7A7-5F7A-4EC1-9D18-2B577D511871}.Debug|Any CPU.ActiveCfg = Debug|Any CPU
		{8C93A7A7-5F7A-4EC1-9D18-2B577D511871}.Debug|Any CPU.Build.0 = Debug|Any CPU
		{8C93A7A7-5F7A-4EC1-9D18-2B577D511871}.Release|Any CPU.ActiveCfg = Release|Any CPU
		{8C93A7A7-5F7A-4EC1-9D18-2B577D511871}.Release|Any CPU.Build.0 = Release|Any CPU
		{A1E4D4D2-5D2C-4F58-9D2A-0E1D58E79990}.Debug|Any CPU.ActiveCfg = Debug|Any CPU
		{A1E4D4D2-5D2C-4F58-9D2A-0E1D58E79990}.Debug|Any CPU.Build.0 = Debug|Any CPU
		{A1E4D4D2-5D2C-4F58-9D2A-0E1D58E79990}.Release|Any CPU.ActiveCfg = Release|Any CPU
		{A1E4D4D2-5D2C-4F58-9D2A-0E1D58E79990}.Release|Any CPU.Build.0 = Release|Any CPU
	EndGlobalSection
	GlobalSection(SolutionProperties) = preSolution
		HideSolutionNode = FALSE
	EndGlobalSection
	GlobalSection(NestedProjects) = preSolution
		{E24ACAB7-7F46-4081-E44F-734A754EA604} = {61F7DB6D-C6B7-6DB5-077C-A7087F478407}
		{8C93A7A7-5F7A-4EC1-9D18-2B577D511871} = {61F7DB6D-C6B7-6DB5-077C-A7087F478407}
		{A1E4D4D2-5D2C-4F58-9D2A-0E1D58E79990} = {61F7DB6D-C6B7-6DB5-077C-A7087F478407}
	EndGlobalSection
	GlobalSection(ExtensibilityGlobals) = postSolution
		SolutionGuid = {B5EC3FCA-4011-4BC0-A46F-6290F4C6E2EF}
	EndGlobalSection
EndGlobal
