// !$*UTF8*$!
{
	archiveVersion = 1;
	classes = {
	};
	objectVersion = 77;
	objects = {

/* Begin PBXBuildFile section */
		2B52F97B2F23C25100B4B2BA /* NetworkExtension.framework in Frameworks */ = {isa = PBXBuildFile; fileRef = 698BF18D2F19E39000BFE4D7 /* NetworkExtension.framework */; };
		2B52F9852F23C25100B4B2BA /* com.meshnetprotocol.OpenMesh.macsys.vpn-extension.systemextension in Embed System Extensions */ = {isa = PBXBuildFile; fileRef = 2B52F97A2F23C25100B4B2BA /* com.meshnetprotocol.OpenMesh.macsys.vpn-extension.systemextension */; settings = {ATTRIBUTES = (RemoveHeadersOnCopy, ); }; };
		2B52FA362F23D74700B4B2BA /* OpenMeshGo.xcframework in Frameworks */ = {isa = PBXBuildFile; fileRef = 69160FAD2F0FA27B004DCE07 /* OpenMeshGo.xcframework */; };
		2B52FA372F23D74700B4B2BA /* OpenMeshGo.xcframework in Embed Frameworks */ = {isa = PBXBuildFile; fileRef = 69160FAD2F0FA27B004DCE07 /* OpenMeshGo.xcframework */; settings = {ATTRIBUTES = (CodeSignOnCopy, RemoveHeadersOnCopy, ); }; };
		2B52FA392F23D76D00B4B2BA /* OpenMeshGo.xcframework in Frameworks */ = {isa = PBXBuildFile; fileRef = 69160FAD2F0FA27B004DCE07 /* OpenMeshGo.xcframework */; };
		2B52FA3A2F23D76D00B4B2BA /* OpenMeshGo.xcframework in Embed Frameworks */ = {isa = PBXBuildFile; fileRef = 69160FAD2F0FA27B004DCE07 /* OpenMeshGo.xcframework */; settings = {ATTRIBUTES = (CodeSignOnCopy, RemoveHeadersOnCopy, ); }; };
		2B52FA452F23DBAF00B4B2BA /* libresolv.tbd in Frameworks */ = {isa = PBXBuildFile; fileRef = 2B52FA442F23DBA100B4B2BA /* libresolv.tbd */; };
		2B52FC5A2F23E6FC00B4B2BA /* libresolv.tbd in Frameworks */ = {isa = PBXBuildFile; fileRef = 2B52FA442F23DBA100B4B2BA /* libresolv.tbd */; };
		2B7CD5C72F11F39C00C7E32A /* OpenMeshApp.swift in Sources */ = {isa = PBXBuildFile; fileRef = 2B7CD5BB2F11F39C00C7E32A /* OpenMeshApp.swift */; };
		2B7CD5CD2F11F39C00C7E32A /* Assets.xcassets in Resources */ = {isa = PBXBuildFile; fileRef = 2B7CD5B32F11F39C00C7E32A /* Assets.xcassets */; };
		69160FAE2F0FA27B004DCE07 /* OpenMeshGo.xcframework in Frameworks */ = {isa = PBXBuildFile; fileRef = 69160FAD2F0FA27B004DCE07 /* OpenMeshGo.xcframework */; };
		69160FAF2F0FA27B004DCE07 /* OpenMeshGo.xcframework in Embed Frameworks */ = {isa = PBXBuildFile; fileRef = 69160FAD2F0FA27B004DCE07 /* OpenMeshGo.xcframework */; settings = {ATTRIBUTES = (CodeSignOnCopy, RemoveHeadersOnCopy, ); }; };
		694F16E32F2780A4006DB088 /* routing_rules.json in Resources */ = {isa = PBXBuildFile; fileRef = 6A7B3000A1B2C3D4E5F60718 /* routing_rules.json */; };
		694F16E42F2780A4006DB088 /* singbox_base_config.json in Resources */ = {isa = PBXBuildFile; fileRef = 6A7B3006A1B2C3D4E5F60718 /* singbox_base_config.json */; };
		694F16E52F2780BF006DB088 /* routing_rules.json in Resources */ = {isa = PBXBuildFile; fileRef = 6A7B3000A1B2C3D4E5F60718 /* routing_rules.json */; };
		694F16E62F2780BF006DB088 /* singbox_base_config.json in Resources */ = {isa = PBXBuildFile; fileRef = 6A7B3006A1B2C3D4E5F60718 /* singbox_base_config.json */; };
		698B27372F32018D00F5511A /* libsqlite3.tbd in Frameworks */ = {isa = PBXBuildFile; fileRef = 7A0100232F00000100B1C2D3E4 /* libsqlite3.tbd */; };
		698BF18E2F19E39000BFE4D7 /* NetworkExtension.framework in Frameworks */ = {isa = PBXBuildFile; fileRef = 698BF18D2F19E39000BFE4D7 /* NetworkExtension.framework */; };
		698BF1962F19E39000BFE4D7 /* vpn_extension_ios.appex in Embed Foundation Extensions */ = {isa = PBXBuildFile; fileRef = 698BF18C2F19E39000BFE4D7 /* vpn_extension_ios.appex */; settings = {ATTRIBUTES = (RemoveHeadersOnCopy, ); }; };
		698BF19E2F1A0EBB00BFE4D7 /* OpenMeshGo.xcframework in Frameworks */ = {isa = PBXBuildFile; fileRef = 69160FAD2F0FA27B004DCE07 /* OpenMeshGo.xcframework */; };
		698BF19F2F1A0EBB00BFE4D7 /* OpenMeshGo.xcframework in Embed Frameworks */ = {isa = PBXBuildFile; fileRef = 69160FAD2F0FA27B004DCE07 /* OpenMeshGo.xcframework */; settings = {ATTRIBUTES = (CodeSignOnCopy, RemoveHeadersOnCopy, ); }; };
		698BF1A32F1A28DC00BFE4D7 /* NetworkExtension.framework in Frameworks */ = {isa = PBXBuildFile; fileRef = 698BF18D2F19E39000BFE4D7 /* NetworkExtension.framework */; };
		6A7B1C1A9B3C4D5E6F708192 /* libresolv.tbd in Frameworks */ = {isa = PBXBuildFile; fileRef = 6A7B1C199B3C4D5E6F708192 /* libresolv.tbd */; };
		6A7B1C1B9B3C4D5E6F708192 /* libresolv.tbd in Frameworks */ = {isa = PBXBuildFile; fileRef = 6A7B1C199B3C4D5E6F708192 /* libresolv.tbd */; };
		6A7B2000A1B2C3D4E5F60718 /* OpenMeshGo.xcframework in Frameworks */ = {isa = PBXBuildFile; fileRef = 69160FAD2F0FA27B004DCE07 /* OpenMeshGo.xcframework */; };
		6A7B2001A1B2C3D4E5F60718 /* OpenMeshGo.xcframework in Embed Frameworks */ = {isa = PBXBuildFile; fileRef = 69160FAD2F0FA27B004DCE07 /* OpenMeshGo.xcframework */; settings = {ATTRIBUTES = (CodeSignOnCopy, RemoveHeadersOnCopy, ); }; };
		6A7B2002A1B2C3D4E5F60718 /* libresolv.tbd in Frameworks */ = {isa = PBXBuildFile; fileRef = 6A7B1C199B3C4D5E6F708192 /* libresolv.tbd */; };
		6A7B2003A1B2C3D4E5F60718 /* vpn_extension_macos.appex in Embed Foundation Extensions */ = {isa = PBXBuildFile; fileRef = 6A7B1F01A1B2C3D4E5F60718 /* vpn_extension_macos.appex */; settings = {ATTRIBUTES = (RemoveHeadersOnCopy, ); }; };
		6A7B2004A1B2C3D4E5F60718 /* OpenMeshGo.xcframework in Frameworks */ = {isa = PBXBuildFile; fileRef = 69160FAD2F0FA27B004DCE07 /* OpenMeshGo.xcframework */; };
		6A7B2005A1B2C3D4E5F60718 /* OpenMeshGo.xcframework in Embed Frameworks */ = {isa = PBXBuildFile; fileRef = 69160FAD2F0FA27B004DCE07 /* OpenMeshGo.xcframework */; settings = {ATTRIBUTES = (CodeSignOnCopy, RemoveHeadersOnCopy, ); }; };
		6A7B2006A1B2C3D4E5F60718 /* libresolv.tbd in Frameworks */ = {isa = PBXBuildFile; fileRef = 6A7B1C199B3C4D5E6F708192 /* libresolv.tbd */; };
		6A7B2007A1B2C3D4E5F60718 /* NetworkExtension.framework in Frameworks */ = {isa = PBXBuildFile; fileRef = 698BF18D2F19E39000BFE4D7 /* NetworkExtension.framework */; };
		6A7B3002A1B2C3D4E5F60718 /* routing_rules.json in Resources */ = {isa = PBXBuildFile; fileRef = 6A7B3000A1B2C3D4E5F60718 /* routing_rules.json */; };
		6A7B3009A1B2C3D4E5F60718 /* singbox_base_config.json in Resources */ = {isa = PBXBuildFile; fileRef = 6A7B3006A1B2C3D4E5F60718 /* singbox_base_config.json */; };
		6A7B3012A1B2C3D4E5F60718 /* MeshFluxMac/default_profile.json in Resources */ = {isa = PBXBuildFile; fileRef = 6A7B3010A1B2C3D4E5F60718 /* MeshFluxMac/default_profile.json */; };
		6A7B3013A1B2C3D4E5F60718 /* MeshFluxMac/default_profile.json in Resources */ = {isa = PBXBuildFile; fileRef = 6A7B3010A1B2C3D4E5F60718 /* MeshFluxMac/default_profile.json */; };
		6A7B30A1A1B2C3D4E5F60718 /* routing_rules.json in Resources */ = {isa = PBXBuildFile; fileRef = 6A7B3000A1B2C3D4E5F60718 /* routing_rules.json */; };
		6A7B30A2A1B2C3D4E5F60718 /* routing_rules.json in Resources */ = {isa = PBXBuildFile; fileRef = 6A7B3000A1B2C3D4E5F60718 /* routing_rules.json */; };
		7A0100012F00000100B1C2D3E4 /* FilePath.swift in Sources */ = {isa = PBXBuildFile; fileRef = 7A0100112F00000100B1C2D3E4 /* FilePath.swift */; };
		7A0100022F00000100B1C2D3E4 /* Variant.swift in Sources */ = {isa = PBXBuildFile; fileRef = 7A0100122F00000100B1C2D3E4 /* Variant.swift */; };
		7A0100032F00000100B1C2D3E4 /* Database.swift in Sources */ = {isa = PBXBuildFile; fileRef = 7A0100132F00000100B1C2D3E4 /* Database.swift */; };
		7A0100042F00000100B1C2D3E4 /* Profile.swift in Sources */ = {isa = PBXBuildFile; fileRef = 7A0100142F00000100B1C2D3E4 /* Profile.swift */; };
		7A0100052F00000100B1C2D3E4 /* Profile+Date.swift in Sources */ = {isa = PBXBuildFile; fileRef = 7A0100152F00000100B1C2D3E4 /* Profile+Date.swift */; };
		7A0100062F00000100B1C2D3E4 /* Profile+Hashable.swift in Sources */ = {isa = PBXBuildFile; fileRef = 7A0100162F00000100B1C2D3E4 /* Profile+Hashable.swift */; };
		7A0100072F00000100B1C2D3E4 /* Profile+RW.swift in Sources */ = {isa = PBXBuildFile; fileRef = 7A0100172F00000100B1C2D3E4 /* Profile+RW.swift */; };
		7A0100082F00000100B1C2D3E4 /* ProfileManager.swift in Sources */ = {isa = PBXBuildFile; fileRef = 7A0100182F00000100B1C2D3E4 /* ProfileManager.swift */; };
		7A0100092F00000100B1C2D3E4 /* SharedPreferences.swift in Sources */ = {isa = PBXBuildFile; fileRef = 7A0100192F00000100B1C2D3E4 /* SharedPreferences.swift */; };
		7A01000A2F00000100B1C2D3E4 /* SharedPreferences+Database.swift in Sources */ = {isa = PBXBuildFile; fileRef = 7A01001A2F00000100B1C2D3E4 /* SharedPreferences+Database.swift */; };
		7A01000B2F00000100B1C2D3E4 /* Extension+RunBlocking.swift in Sources */ = {isa = PBXBuildFile; fileRef = 7A01001B2F00000100B1C2D3E4 /* Extension+RunBlocking.swift */; };
		7A01000C2F00000100B1C2D3E4 /* ExtensionProfile.swift in Sources */ = {isa = PBXBuildFile; fileRef = 7A01001C2F00000100B1C2D3E4 /* ExtensionProfile.swift */; };
		7A01000D2F00000100B1C2D3E4 /* VPNLibrary.framework in Frameworks */ = {isa = PBXBuildFile; fileRef = 7A0100202F00000100B1C2D3E4 /* VPNLibrary.framework */; };
		7A01000E2F00000100B1C2D3E4 /* VPNLibrary.framework in Embed Frameworks */ = {isa = PBXBuildFile; fileRef = 7A0100202F00000100B1C2D3E4 /* VPNLibrary.framework */; settings = {ATTRIBUTES = (CodeSignOnCopy, RemoveHeadersOnCopy, ); }; };
		7A01000F2F00000100B1C2D3E4 /* VPNLibrary.framework in Frameworks */ = {isa = PBXBuildFile; fileRef = 7A0100202F00000100B1C2D3E4 /* VPNLibrary.framework */; };
		7A0100102F00000100B1C2D3E4 /* VPNLibrary.framework in Embed Frameworks */ = {isa = PBXBuildFile; fileRef = 7A0100202F00000100B1C2D3E4 /* VPNLibrary.framework */; settings = {ATTRIBUTES = (RemoveHeadersOnCopy, ); }; };
		7A01001D2F00000100B1C2D3E4 /* DefaultProfileHelper.swift in Sources */ = {isa = PBXBuildFile; fileRef = 7A01001E2F00000100B1C2D3E4 /* DefaultProfileHelper.swift */; };
		7A0100282F00000100B1C2D3E4 /* libsqlite3.tbd in Frameworks */ = {isa = PBXBuildFile; fileRef = 7A0100232F00000100B1C2D3E4 /* libsqlite3.tbd */; };
		7A0100402F00000100B1C2D3E4 /* VPNLibrary.framework in Frameworks */ = {isa = PBXBuildFile; fileRef = 7A0100202F00000100B1C2D3E4 /* VPNLibrary.framework */; };
		7A0100412F00000100B1C2D3E4 /* VPNLibrary.framework in Embed Frameworks */ = {isa = PBXBuildFile; fileRef = 7A0100202F00000100B1C2D3E4 /* VPNLibrary.framework */; settings = {ATTRIBUTES = (CodeSignOnCopy, RemoveHeadersOnCopy, ); }; };
		7A0100502F00000100B1C2D3E4 /* VPNLibrary.framework in Frameworks */ = {isa = PBXBuildFile; fileRef = 7A0100202F00000100B1C2D3E4 /* VPNLibrary.framework */; };
		7A0100512F00000100B1C2D3E4 /* VPNLibrary.framework in Embed Frameworks */ = {isa = PBXBuildFile; fileRef = 7A0100202F00000100B1C2D3E4 /* VPNLibrary.framework */; settings = {ATTRIBUTES = (CodeSignOnCopy, RemoveHeadersOnCopy, ); }; };
		C579F42930F54C93A7C797F5 /* AppDelegate.swift in Sources */ = {isa = PBXBuildFile; fileRef = F3A0B19B1DA9415ABCDE161D /* AppDelegate.swift */; };
/* End PBXBuildFile section */

/* Begin PBXContainerItemProxy section */
		2B52F9832F23C25100B4B2BA /* PBXContainerItemProxy */ = {
			isa = PBXContainerItemProxy;
			containerPortal = 69330A432F0F648F00882260 /* Project object */;
			proxyType = 1;
			remoteGlobalIDString = 2B52F9792F23C25100B4B2BA;
			remoteInfo = "OpenMesh.Sys-ext";
		};
		698BF1942F19E39000BFE4D7 /* PBXContainerItemProxy */ = {
			isa = PBXContainerItemProxy;
			containerPortal = 69330A432F0F648F00882260 /* Project object */;
			proxyType = 1;
			remoteGlobalIDString = 698BF18B2F19E39000BFE4D7;
			remoteInfo = vpn_extension;
		};
		6A7B2500A1B2C3D4E5F60718 /* PBXContainerItemProxy */ = {
			isa = PBXContainerItemProxy;
			containerPortal = 69330A432F0F648F00882260 /* Project object */;
			proxyType = 1;
			remoteGlobalIDString = 6A7B2601A1B2C3D4E5F60718;
			remoteInfo = vpn_extension_macos;
		};
		7A0100212F00000100B1C2D3E4 /* PBXContainerItemProxy */ = {
			isa = PBXContainerItemProxy;
			containerPortal = 69330A432F0F648F00882260 /* Project object */;
			proxyType = 1;
			remoteGlobalIDString = 7A0100302F00000100B1C2D3E4;
			remoteInfo = VPNLibrary;
		};
		7A0100222F00000100B1C2D3E4 /* PBXContainerItemProxy */ = {
			isa = PBXContainerItemProxy;
			containerPortal = 69330A432F0F648F00882260 /* Project object */;
			proxyType = 1;
			remoteGlobalIDString = 7A0100302F00000100B1C2D3E4;
			remoteInfo = VPNLibrary;
		};
		7A0100382F00000100B1C2D3E4 /* PBXContainerItemProxy */ = {
			isa = PBXContainerItemProxy;
			containerPortal = 69330A432F0F648F00882260 /* Project object */;
			proxyType = 1;
			remoteGlobalIDString = 7A0100302F00000100B1C2D3E4;
			remoteInfo = VPNLibrary;
		};
		7A0100542F00000100B1C2D3E4 /* PBXContainerItemProxy */ = {
			isa = PBXContainerItemProxy;
			containerPortal = 69330A432F0F648F00882260 /* Project object */;
			proxyType = 1;
			remoteGlobalIDString = 7A0100302F00000100B1C2D3E4;
			remoteInfo = VPNLibrary;
		};
/* End PBXContainerItemProxy section */

/* Begin PBXCopyFilesBuildPhase section */
		2B52F98A2F23C25100B4B2BA /* Embed System Extensions */ = {
			isa = PBXCopyFilesBuildPhase;
			buildActionMask = 2147483647;
			dstPath = "$(SYSTEM_EXTENSIONS_FOLDER_PATH)";
			dstSubfolderSpec = 16;
			files = (
				2B52F9852F23C25100B4B2BA /* com.meshnetprotocol.OpenMesh.macsys.vpn-extension.systemextension in Embed System Extensions */,
			);
			name = "Embed System Extensions";
			runOnlyForDeploymentPostprocessing = 0;
		};
		2B52FA382F23D74700B4B2BA /* Embed Frameworks */ = {
			isa = PBXCopyFilesBuildPhase;
			buildActionMask = 2147483647;
			dstPath = "";
			dstSubfolderSpec = 10;
			files = (
				2B52FA372F23D74700B4B2BA /* OpenMeshGo.xcframework in Embed Frameworks */,
			);
			name = "Embed Frameworks";
			runOnlyForDeploymentPostprocessing = 0;
		};
		2B52FA3B2F23D76D00B4B2BA /* Embed Frameworks */ = {
			isa = PBXCopyFilesBuildPhase;
			buildActionMask = 2147483647;
			dstPath = "";
			dstSubfolderSpec = 10;
			files = (
				2B52FA3A2F23D76D00B4B2BA /* OpenMeshGo.xcframework in Embed Frameworks */,
			);
			name = "Embed Frameworks";
			runOnlyForDeploymentPostprocessing = 0;
		};
		69330A6E2F0F958300882260 /* Embed Frameworks */ = {
			isa = PBXCopyFilesBuildPhase;
			buildActionMask = 2147483647;
			dstPath = "";
			dstSubfolderSpec = 10;
			files = (
				69160FAF2F0FA27B004DCE07 /* OpenMeshGo.xcframework in Embed Frameworks */,
				7A0100512F00000100B1C2D3E4 /* VPNLibrary.framework in Embed Frameworks */,
			);
			name = "Embed Frameworks";
			runOnlyForDeploymentPostprocessing = 0;
		};
		698BF1972F19E39000BFE4D7 /* Embed Foundation Extensions */ = {
			isa = PBXCopyFilesBuildPhase;
			buildActionMask = 2147483647;
			dstPath = "";
			dstSubfolderSpec = 13;
			files = (
				698BF1962F19E39000BFE4D7 /* vpn_extension_ios.appex in Embed Foundation Extensions */,
			);
			name = "Embed Foundation Extensions";
			runOnlyForDeploymentPostprocessing = 0;
		};
		698BF1A02F1A0EBB00BFE4D7 /* Embed Frameworks */ = {
			isa = PBXCopyFilesBuildPhase;
			buildActionMask = 2147483647;
			dstPath = "";
			dstSubfolderSpec = 10;
			files = (
				698BF19F2F1A0EBB00BFE4D7 /* OpenMeshGo.xcframework in Embed Frameworks */,
				7A0100412F00000100B1C2D3E4 /* VPNLibrary.framework in Embed Frameworks */,
			);
			name = "Embed Frameworks";
			runOnlyForDeploymentPostprocessing = 0;
		};
		6A7B2100A1B2C3D4E5F60718 /* Embed Frameworks */ = {
			isa = PBXCopyFilesBuildPhase;
			buildActionMask = 2147483647;
			dstPath = "";
			dstSubfolderSpec = 10;
			files = (
				6A7B2001A1B2C3D4E5F60718 /* OpenMeshGo.xcframework in Embed Frameworks */,
				7A01000E2F00000100B1C2D3E4 /* VPNLibrary.framework in Embed Frameworks */,
			);
			name = "Embed Frameworks";
			runOnlyForDeploymentPostprocessing = 0;
		};
		6A7B2101A1B2C3D4E5F60718 /* Embed Foundation Extensions */ = {
			isa = PBXCopyFilesBuildPhase;
			buildActionMask = 2147483647;
			dstPath = "";
			dstSubfolderSpec = 13;
			files = (
				6A7B2003A1B2C3D4E5F60718 /* vpn_extension_macos.appex in Embed Foundation Extensions */,
			);
			name = "Embed Foundation Extensions";
			runOnlyForDeploymentPostprocessing = 0;
		};
		6A7B2102A1B2C3D4E5F60718 /* Embed Frameworks */ = {
			isa = PBXCopyFilesBuildPhase;
			buildActionMask = 2147483647;
			dstPath = "";
			dstSubfolderSpec = 10;
			files = (
				6A7B2005A1B2C3D4E5F60718 /* OpenMeshGo.xcframework in Embed Frameworks */,
				7A0100102F00000100B1C2D3E4 /* VPNLibrary.framework in Embed Frameworks */,
			);
			name = "Embed Frameworks";
			runOnlyForDeploymentPostprocessing = 0;
		};
/* End PBXCopyFilesBuildPhase section */

/* Begin PBXFileReference section */
		2B52F9692F23C1E200B4B2BA /* MeshFlux X.app */ = {isa = PBXFileReference; explicitFileType = wrapper.application; includeInIndex = 0; path = "MeshFlux X.app"; sourceTree = BUILT_PRODUCTS_DIR; };
		2B52F97A2F23C25100B4B2BA /* com.meshnetprotocol.OpenMesh.macsys.vpn-extension.systemextension */ = {isa = PBXFileReference; explicitFileType = "wrapper.system-extension"; includeInIndex = 0; path = "com.meshnetprotocol.OpenMesh.macsys.vpn-extension.systemextension"; sourceTree = BUILT_PRODUCTS_DIR; };
		2B52FA442F23DBA100B4B2BA /* libresolv.tbd */ = {isa = PBXFileReference; lastKnownFileType = "sourcecode.text-based-dylib-definition"; name = libresolv.tbd; path = Platforms/MacOSX.platform/Developer/SDKs/MacOSX26.2.sdk/usr/lib/libresolv.tbd; sourceTree = DEVELOPER_DIR; };
		2B7CD5B32F11F39C00C7E32A /* Assets.xcassets */ = {isa = PBXFileReference; lastKnownFileType = folder.assetcatalog; path = Assets.xcassets; sourceTree = "<group>"; };
		2B7CD5BA2F11F39C00C7E32A /* OpenMesh.entitlements */ = {isa = PBXFileReference; lastKnownFileType = text.plist.entitlements; path = OpenMesh.entitlements; sourceTree = "<group>"; };
		2B7CD5BB2F11F39C00C7E32A /* OpenMeshApp.swift */ = {isa = PBXFileReference; lastKnownFileType = sourcecode.swift; path = OpenMeshApp.swift; sourceTree = "<group>"; };
		69160FAD2F0FA27B004DCE07 /* OpenMeshGo.xcframework */ = {isa = PBXFileReference; lastKnownFileType = wrapper.xcframework; name = OpenMeshGo.xcframework; path = lib/OpenMeshGo.xcframework; sourceTree = "<group>"; };
		69330A4B2F0F648F00882260 /* MeshFlux.app */ = {isa = PBXFileReference; explicitFileType = wrapper.application; includeInIndex = 0; path = MeshFlux.app; sourceTree = BUILT_PRODUCTS_DIR; };
		698BF18C2F19E39000BFE4D7 /* vpn_extension_ios.appex */ = {isa = PBXFileReference; explicitFileType = "wrapper.app-extension"; includeInIndex = 0; path = vpn_extension_ios.appex; sourceTree = BUILT_PRODUCTS_DIR; };
		698BF18D2F19E39000BFE4D7 /* NetworkExtension.framework */ = {isa = PBXFileReference; lastKnownFileType = wrapper.framework; name = NetworkExtension.framework; path = System/Library/Frameworks/NetworkExtension.framework; sourceTree = SDKROOT; };
		6A7B1C199B3C4D5E6F708192 /* libresolv.tbd */ = {isa = PBXFileReference; lastKnownFileType = "sourcecode.text-based-dylib-definition"; name = libresolv.tbd; path = usr/lib/libresolv.tbd; sourceTree = SDKROOT; };
		6A7B1F00A1B2C3D4E5F60718 /* MeshFlux.app */ = {isa = PBXFileReference; explicitFileType = wrapper.application; includeInIndex = 0; path = MeshFlux.app; sourceTree = BUILT_PRODUCTS_DIR; };
		6A7B1F01A1B2C3D4E5F60718 /* vpn_extension_macos.appex */ = {isa = PBXFileReference; explicitFileType = "wrapper.app-extension"; includeInIndex = 0; path = vpn_extension_macos.appex; sourceTree = BUILT_PRODUCTS_DIR; };
		6A7B3000A1B2C3D4E5F60718 /* routing_rules.json */ = {isa = PBXFileReference; lastKnownFileType = text.json; path = routing_rules.json; sourceTree = "<group>"; };
		6A7B3006A1B2C3D4E5F60718 /* singbox_base_config.json */ = {isa = PBXFileReference; lastKnownFileType = text.json; path = singbox_base_config.json; sourceTree = "<group>"; };
		6A7B3010A1B2C3D4E5F60718 /* MeshFluxMac/default_profile.json */ = {isa = PBXFileReference; lastKnownFileType = text.json; path = MeshFluxMac/default_profile.json; sourceTree = "<group>"; };
		7A0100112F00000100B1C2D3E4 /* FilePath.swift */ = {isa = PBXFileReference; lastKnownFileType = sourcecode.swift; path = FilePath.swift; sourceTree = "<group>"; };
		7A0100122F00000100B1C2D3E4 /* Variant.swift */ = {isa = PBXFileReference; lastKnownFileType = sourcecode.swift; path = Variant.swift; sourceTree = "<group>"; };
		7A0100132F00000100B1C2D3E4 /* Database.swift */ = {isa = PBXFileReference; lastKnownFileType = sourcecode.swift; path = Database.swift; sourceTree = "<group>"; };
		7A0100142F00000100B1C2D3E4 /* Profile.swift */ = {isa = PBXFileReference; lastKnownFileType = sourcecode.swift; path = Profile.swift; sourceTree = "<group>"; };
		7A0100152F00000100B1C2D3E4 /* Profile+Date.swift */ = {isa = PBXFileReference; lastKnownFileType = sourcecode.swift; path = "Profile+Date.swift"; sourceTree = "<group>"; };
		7A0100162F00000100B1C2D3E4 /* Profile+Hashable.swift */ = {isa = PBXFileReference; lastKnownFileType = sourcecode.swift; path = "Profile+Hashable.swift"; sourceTree = "<group>"; };
		7A0100172F00000100B1C2D3E4 /* Profile+RW.swift */ = {isa = PBXFileReference; lastKnownFileType = sourcecode.swift; path = "Profile+RW.swift"; sourceTree = "<group>"; };
		7A0100182F00000100B1C2D3E4 /* ProfileManager.swift */ = {isa = PBXFileReference; lastKnownFileType = sourcecode.swift; path = ProfileManager.swift; sourceTree = "<group>"; };
		7A0100192F00000100B1C2D3E4 /* SharedPreferences.swift */ = {isa = PBXFileReference; lastKnownFileType = sourcecode.swift; path = SharedPreferences.swift; sourceTree = "<group>"; };
		7A01001A2F00000100B1C2D3E4 /* SharedPreferences+Database.swift */ = {isa = PBXFileReference; lastKnownFileType = sourcecode.swift; path = "SharedPreferences+Database.swift"; sourceTree = "<group>"; };
		7A01001B2F00000100B1C2D3E4 /* Extension+RunBlocking.swift */ = {isa = PBXFileReference; lastKnownFileType = sourcecode.swift; path = "Extension+RunBlocking.swift"; sourceTree = "<group>"; };
		7A01001C2F00000100B1C2D3E4 /* ExtensionProfile.swift */ = {isa = PBXFileReference; lastKnownFileType = sourcecode.swift; path = ExtensionProfile.swift; sourceTree = "<group>"; };
		7A01001E2F00000100B1C2D3E4 /* DefaultProfileHelper.swift */ = {isa = PBXFileReference; lastKnownFileType = sourcecode.swift; path = DefaultProfileHelper.swift; sourceTree = "<group>"; };
		7A0100202F00000100B1C2D3E4 /* VPNLibrary.framework */ = {isa = PBXFileReference; explicitFileType = wrapper.framework; includeInIndex = 0; path = VPNLibrary.framework; sourceTree = BUILT_PRODUCTS_DIR; };
		7A0100232F00000100B1C2D3E4 /* libsqlite3.tbd */ = {isa = PBXFileReference; lastKnownFileType = "sourcecode.text-based-dylib-definition"; name = libsqlite3.tbd; path = usr/lib/libsqlite3.tbd; sourceTree = SDKROOT; };
		F3A0B19B1DA9415ABCDE161D /* AppDelegate.swift */ = {isa = PBXFileReference; lastKnownFileType = sourcecode.swift; path = AppDelegate.swift; sourceTree = "<group>"; };
/* End PBXFileReference section */

/* Begin PBXFileSystemSynchronizedBuildFileExceptionSet section */
		2B52F9862F23C25100B4B2BA /* Exceptions for "vpn_extension_macx" folder in "vpn_extension_macx" target */ = {
			isa = PBXFileSystemSynchronizedBuildFileExceptionSet;
			membershipExceptions = (
				Info.plist,
			);
			target = 2B52F9792F23C25100B4B2BA /* vpn_extension_macx */;
		};
		2B57F1C62F27B91600F6A33D /* Exceptions for "SharedCode" folder in "MeshFlux.Sys" target */ = {
			isa = PBXFileSystemSynchronizedBuildFileExceptionSet;
			membershipExceptions = (
				RoutingRulesStore.swift,
				SingboxConfigStore.swift,
				TUNDeviceCleaner.swift,
			);
			target = 2B52F9682F23C1E200B4B2BA /* MeshFlux.Sys */;
		};
		695619FE2F28D0460023094F /* Exceptions for "MeshFlux.sys" folder in "MeshFlux.Sys" target */ = {
			isa = PBXFileSystemSynchronizedBuildFileExceptionSet;
			membershipExceptions = (
				Info.plist,
			);
			target = 2B52F9682F23C1E200B4B2BA /* MeshFlux.Sys */;
		};
		698BF19A2F19E39000BFE4D7 /* Exceptions for "vpn_extension_ios" folder in "vpn_extension_ios" target */ = {
			isa = PBXFileSystemSynchronizedBuildFileExceptionSet;
			membershipExceptions = (
				Info.plist,
			);
			target = 698BF18B2F19E39000BFE4D7 /* vpn_extension_ios */;
		};
		6A7B1E12A1B2C3D4E5F60718 /* Exceptions for "vpn_extension_macos" folder in "vpn_extension_macos" target */ = {
			isa = PBXFileSystemSynchronizedBuildFileExceptionSet;
			membershipExceptions = (
				Info.plist,
			);
			target = 6A7B2601A1B2C3D4E5F60718 /* vpn_extension_macos */;
		};
		6A7B1E13A1B2C3D4E5F60718 /* Exceptions for "MeshFluxMac" folder in "MeshFluxMac" target */ = {
			isa = PBXFileSystemSynchronizedBuildFileExceptionSet;
			membershipExceptions = (
				Info.plist,
			);
			target = 6A7B2600A1B2C3D4E5F60718 /* MeshFluxMac */;
		};
/* End PBXFileSystemSynchronizedBuildFileExceptionSet section */

/* Begin PBXFileSystemSynchronizedRootGroup section */
		2B52F96A2F23C1E200B4B2BA /* MeshFlux.sys */ = {
			isa = PBXFileSystemSynchronizedRootGroup;
			exceptions = (
				695619FE2F28D0460023094F /* Exceptions for "MeshFlux.sys" folder in "MeshFlux.Sys" target */,
			);
			path = MeshFlux.sys;
			sourceTree = "<group>";
		};
		2B52F97C2F23C25100B4B2BA /* vpn_extension_macx */ = {
			isa = PBXFileSystemSynchronizedRootGroup;
			exceptions = (
				2B52F9862F23C25100B4B2BA /* Exceptions for "vpn_extension_macx" folder in "vpn_extension_macx" target */,
			);
			path = vpn_extension_macx;
			sourceTree = "<group>";
		};
		2B7CD5CF2F11F6D500C7E32A /* views */ = {
			isa = PBXFileSystemSynchronizedRootGroup;
			path = views;
			sourceTree = "<group>";
		};
		2B7CD5DC2F11F75100C7E32A /* core */ = {
			isa = PBXFileSystemSynchronizedRootGroup;
			path = core;
			sourceTree = "<group>";
		};
		698BF18F2F19E39000BFE4D7 /* vpn_extension_ios */ = {
			isa = PBXFileSystemSynchronizedRootGroup;
			exceptions = (
				698BF19A2F19E39000BFE4D7 /* Exceptions for "vpn_extension_ios" folder in "vpn_extension_ios" target */,
			);
			path = vpn_extension_ios;
			sourceTree = "<group>";
		};
		6A7B1E10A1B2C3D4E5F60718 /* MeshFluxMac */ = {
			isa = PBXFileSystemSynchronizedRootGroup;
			exceptions = (
				6A7B1E13A1B2C3D4E5F60718 /* Exceptions for "MeshFluxMac" folder in "MeshFluxMac" target */,
			);
			path = MeshFluxMac;
			sourceTree = "<group>";
		};
		6A7B1E11A1B2C3D4E5F60718 /* vpn_extension_macos */ = {
			isa = PBXFileSystemSynchronizedRootGroup;
			exceptions = (
				6A7B1E12A1B2C3D4E5F60718 /* Exceptions for "vpn_extension_macos" folder in "vpn_extension_macos" target */,
			);
			path = vpn_extension_macos;
			sourceTree = "<group>";
		};
		6A7B3100A1B2C3D4E5F60718 /* SharedCode */ = {
			isa = PBXFileSystemSynchronizedRootGroup;
			exceptions = (
				2B57F1C62F27B91600F6A33D /* Exceptions for "SharedCode" folder in "MeshFlux.Sys" target */,
			);
			path = SharedCode;
			sourceTree = "<group>";
		};
/* End PBXFileSystemSynchronizedRootGroup section */

/* Begin PBXFrameworksBuildPhase section */
		2B52F9662F23C1E200B4B2BA /* Frameworks */ = {
			isa = PBXFrameworksBuildPhase;
			buildActionMask = 2147483647;
			files = (
				2B52FA362F23D74700B4B2BA /* OpenMeshGo.xcframework in Frameworks */,
				2B52FC5A2F23E6FC00B4B2BA /* libresolv.tbd in Frameworks */,
			);
			runOnlyForDeploymentPostprocessing = 0;
		};
		2B52F9772F23C25100B4B2BA /* Frameworks */ = {
			isa = PBXFrameworksBuildPhase;
			buildActionMask = 2147483647;
			files = (
				2B52FA392F23D76D00B4B2BA /* OpenMeshGo.xcframework in Frameworks */,
				2B52F97B2F23C25100B4B2BA /* NetworkExtension.framework in Frameworks */,
				2B52FA452F23DBAF00B4B2BA /* libresolv.tbd in Frameworks */,
			);
			runOnlyForDeploymentPostprocessing = 0;
		};
		69330A482F0F648F00882260 /* Frameworks */ = {
			isa = PBXFrameworksBuildPhase;
			buildActionMask = 2147483647;
			files = (
				69160FAE2F0FA27B004DCE07 /* OpenMeshGo.xcframework in Frameworks */,
				6A7B1C1A9B3C4D5E6F708192 /* libresolv.tbd in Frameworks */,
				698BF1A32F1A28DC00BFE4D7 /* NetworkExtension.framework in Frameworks */,
				698B27372F32018D00F5511A /* libsqlite3.tbd in Frameworks */,
				7A0100502F00000100B1C2D3E4 /* VPNLibrary.framework in Frameworks */,
			);
			runOnlyForDeploymentPostprocessing = 0;
		};
		698BF1892F19E39000BFE4D7 /* Frameworks */ = {
			isa = PBXFrameworksBuildPhase;
			buildActionMask = 2147483647;
			files = (
				698BF19E2F1A0EBB00BFE4D7 /* OpenMeshGo.xcframework in Frameworks */,
				6A7B1C1B9B3C4D5E6F708192 /* libresolv.tbd in Frameworks */,
				698BF18E2F19E39000BFE4D7 /* NetworkExtension.framework in Frameworks */,
				7A0100402F00000100B1C2D3E4 /* VPNLibrary.framework in Frameworks */,
			);
			runOnlyForDeploymentPostprocessing = 0;
		};
		6A7B2200A1B2C3D4E5F60718 /* Frameworks */ = {
			isa = PBXFrameworksBuildPhase;
			buildActionMask = 2147483647;
			files = (
				6A7B2000A1B2C3D4E5F60718 /* OpenMeshGo.xcframework in Frameworks */,
				6A7B2002A1B2C3D4E5F60718 /* libresolv.tbd in Frameworks */,
				7A01000D2F00000100B1C2D3E4 /* VPNLibrary.framework in Frameworks */,
			);
			runOnlyForDeploymentPostprocessing = 0;
		};
		6A7B2201A1B2C3D4E5F60718 /* Frameworks */ = {
			isa = PBXFrameworksBuildPhase;
			buildActionMask = 2147483647;
			files = (
				6A7B2004A1B2C3D4E5F60718 /* OpenMeshGo.xcframework in Frameworks */,
				6A7B2006A1B2C3D4E5F60718 /* libresolv.tbd in Frameworks */,
				6A7B2007A1B2C3D4E5F60718 /* NetworkExtension.framework in Frameworks */,
				7A01000F2F00000100B1C2D3E4 /* VPNLibrary.framework in Frameworks */,
			);
			runOnlyForDeploymentPostprocessing = 0;
		};
		7A0100312F00000100B1C2D3E4 /* Frameworks */ = {
			isa = PBXFrameworksBuildPhase;
			buildActionMask = 2147483647;
			files = (
				7A0100282F00000100B1C2D3E4 /* libsqlite3.tbd in Frameworks */,
			);
			runOnlyForDeploymentPostprocessing = 0;
		};
/* End PBXFrameworksBuildPhase section */

/* Begin PBXGroup section */
		2B7CD5C02F11F39C00C7E32A /* MeshFluxIos */ = {
			isa = PBXGroup;
			children = (
				2B7CD5CF2F11F6D500C7E32A /* views */,
				2B7CD5DC2F11F75100C7E32A /* core */,
				2B7CD5B32F11F39C00C7E32A /* Assets.xcassets */,
				2B7CD5BA2F11F39C00C7E32A /* OpenMesh.entitlements */,
				F3A0B19B1DA9415ABCDE161D /* AppDelegate.swift */,
				2B7CD5BB2F11F39C00C7E32A /* OpenMeshApp.swift */,
			);
			path = MeshFluxIos;
			sourceTree = "<group>";
		};
		69330A422F0F648F00882260 = {
			isa = PBXGroup;
			children = (
				2B7CD5C02F11F39C00C7E32A /* MeshFluxIos */,
				698BF18F2F19E39000BFE4D7 /* vpn_extension_ios */,
				6A7B3010A1B2C3D4E5F60718 /* MeshFluxMac/default_profile.json */,
				6A7B1E10A1B2C3D4E5F60718 /* MeshFluxMac */,
				6A7B1E11A1B2C3D4E5F60718 /* vpn_extension_macos */,
				6A7B3001A1B2C3D4E5F60718 /* shared */,
				6A7B3100A1B2C3D4E5F60718 /* SharedCode */,
				7A0100242F00000100B1C2D3E4 /* VPNLibrary */,
				2B52F96A2F23C1E200B4B2BA /* MeshFlux.sys */,
				2B52F97C2F23C25100B4B2BA /* vpn_extension_macx */,
				69330A662F0F942A00882260 /* Frameworks */,
				69330A4C2F0F648F00882260 /* Products */,
			);
			sourceTree = "<group>";
		};
		69330A4C2F0F648F00882260 /* Products */ = {
			isa = PBXGroup;
			children = (
				69330A4B2F0F648F00882260 /* MeshFlux.app */,
				698BF18C2F19E39000BFE4D7 /* vpn_extension_ios.appex */,
				6A7B1F00A1B2C3D4E5F60718 /* MeshFlux.app */,
				6A7B1F01A1B2C3D4E5F60718 /* vpn_extension_macos.appex */,
				2B52F9692F23C1E200B4B2BA /* MeshFlux X.app */,
				2B52F97A2F23C25100B4B2BA /* com.meshnetprotocol.OpenMesh.macsys.vpn-extension.systemextension */,
				7A0100202F00000100B1C2D3E4 /* VPNLibrary.framework */,
			);
			name = Products;
			sourceTree = "<group>";
		};
		69330A662F0F942A00882260 /* Frameworks */ = {
			isa = PBXGroup;
			children = (
				2B52FA442F23DBA100B4B2BA /* libresolv.tbd */,
				69160FAD2F0FA27B004DCE07 /* OpenMeshGo.xcframework */,
				698BF18D2F19E39000BFE4D7 /* NetworkExtension.framework */,
				6A7B1C199B3C4D5E6F708192 /* libresolv.tbd */,
				7A0100232F00000100B1C2D3E4 /* libsqlite3.tbd */,
			);
			name = Frameworks;
			sourceTree = "<group>";
		};
		6A7B3001A1B2C3D4E5F60718 /* shared */ = {
			isa = PBXGroup;
			children = (
				6A7B3000A1B2C3D4E5F60718 /* routing_rules.json */,
				6A7B3006A1B2C3D4E5F60718 /* singbox_base_config.json */,
			);
			path = shared;
			sourceTree = "<group>";
		};
		7A0100242F00000100B1C2D3E4 /* VPNLibrary */ = {
			isa = PBXGroup;
			children = (
				7A0100252F00000100B1C2D3E4 /* Shared */,
				7A0100262F00000100B1C2D3E4 /* Database */,
				7A0100272F00000100B1C2D3E4 /* Network */,
			);
			path = VPNLibrary;
			sourceTree = "<group>";
		};
		7A0100252F00000100B1C2D3E4 /* Shared */ = {
			isa = PBXGroup;
			children = (
				7A0100112F00000100B1C2D3E4 /* FilePath.swift */,
				7A0100122F00000100B1C2D3E4 /* Variant.swift */,
			);
			path = Shared;
			sourceTree = "<group>";
		};
		7A0100262F00000100B1C2D3E4 /* Database */ = {
			isa = PBXGroup;
			children = (
				7A0100132F00000100B1C2D3E4 /* Database.swift */,
				7A0100142F00000100B1C2D3E4 /* Profile.swift */,
				7A0100152F00000100B1C2D3E4 /* Profile+Date.swift */,
				7A0100162F00000100B1C2D3E4 /* Profile+Hashable.swift */,
				7A0100172F00000100B1C2D3E4 /* Profile+RW.swift */,
				7A0100182F00000100B1C2D3E4 /* ProfileManager.swift */,
				7A0100192F00000100B1C2D3E4 /* SharedPreferences.swift */,
				7A01001A2F00000100B1C2D3E4 /* SharedPreferences+Database.swift */,
				7A01001E2F00000100B1C2D3E4 /* DefaultProfileHelper.swift */,
			);
			path = Database;
			sourceTree = "<group>";
		};
		7A0100272F00000100B1C2D3E4 /* Network */ = {
			isa = PBXGroup;
			children = (
				7A01001B2F00000100B1C2D3E4 /* Extension+RunBlocking.swift */,
				7A01001C2F00000100B1C2D3E4 /* ExtensionProfile.swift */,
			);
			path = Network;
			sourceTree = "<group>";
		};
/* End PBXGroup section */

/* Begin PBXNativeTarget section */
		2B52F9682F23C1E200B4B2BA /* MeshFlux.Sys */ = {
			isa = PBXNativeTarget;
			buildConfigurationList = 2B52F9752F23C1E500B4B2BA /* Build configuration list for PBXNativeTarget "MeshFlux.Sys" */;
			buildPhases = (
				2B52F9652F23C1E200B4B2BA /* Sources */,
				2B52F9662F23C1E200B4B2BA /* Frameworks */,
				2B52F9672F23C1E200B4B2BA /* Resources */,
				2B52F98A2F23C25100B4B2BA /* Embed System Extensions */,
				2B52FA382F23D74700B4B2BA /* Embed Frameworks */,
			);
			buildRules = (
			);
			dependencies = (
				2B52F9842F23C25100B4B2BA /* PBXTargetDependency */,
			);
			fileSystemSynchronizedGroups = (
				2B52F96A2F23C1E200B4B2BA /* MeshFlux.sys */,
			);
			name = MeshFlux.Sys;
			packageProductDependencies = (
			);
			productName = OpenMesh.Sys;
			productReference = 2B52F9692F23C1E200B4B2BA /* MeshFlux X.app */;
			productType = "com.apple.product-type.application";
		};
		2B52F9792F23C25100B4B2BA /* vpn_extension_macx */ = {
			isa = PBXNativeTarget;
			buildConfigurationList = 2B52F9872F23C25100B4B2BA /* Build configuration list for PBXNativeTarget "vpn_extension_macx" */;
			buildPhases = (
				2B52F9762F23C25100B4B2BA /* Sources */,
				2B52F9772F23C25100B4B2BA /* Frameworks */,
				2B52F9782F23C25100B4B2BA /* Resources */,
				2B52FA3B2F23D76D00B4B2BA /* Embed Frameworks */,
			);
			buildRules = (
			);
			dependencies = (
			);
			fileSystemSynchronizedGroups = (
				2B52F97C2F23C25100B4B2BA /* vpn_extension_macx */,
				6A7B3100A1B2C3D4E5F60718 /* SharedCode */,
			);
			name = vpn_extension_macx;
			packageProductDependencies = (
			);
			productName = "OpenMesh.Sys-ext";
			productReference = 2B52F97A2F23C25100B4B2BA /* com.meshnetprotocol.OpenMesh.macsys.vpn-extension.systemextension */;
			productType = "com.apple.product-type.system-extension";
		};
		69330A4A2F0F648F00882260 /* MeshFluxIos */ = {
			isa = PBXNativeTarget;
			buildConfigurationList = 69330A582F0F649100882260 /* Build configuration list for PBXNativeTarget "MeshFluxIos" */;
			buildPhases = (
				69330A472F0F648F00882260 /* Sources */,
				69330A482F0F648F00882260 /* Frameworks */,
				69330A492F0F648F00882260 /* Resources */,
				69330A6E2F0F958300882260 /* Embed Frameworks */,
				69330A7E2F0F958300882260 /* Flatten OpenMeshGo.framework for iOS shallow bundle */,
				698BF1972F19E39000BFE4D7 /* Embed Foundation Extensions */,
			);
			buildRules = (
			);
			dependencies = (
				698BF1952F19E39000BFE4D7 /* PBXTargetDependency */,
				7A0100552F00000100B1C2D3E4 /* PBXTargetDependency */,
			);
			fileSystemSynchronizedGroups = (
				2B7CD5CF2F11F6D500C7E32A /* views */,
				2B7CD5DC2F11F75100C7E32A /* core */,
				6A7B3100A1B2C3D4E5F60718 /* SharedCode */,
			);
			name = MeshFluxIos;
			packageProductDependencies = (
			);
			productName = OpenMesh;
			productReference = 69330A4B2F0F648F00882260 /* MeshFlux.app */;
			productType = "com.apple.product-type.application";
		};
		698BF18B2F19E39000BFE4D7 /* vpn_extension_ios */ = {
			isa = PBXNativeTarget;
			buildConfigurationList = 698BF19B2F19E39000BFE4D7 /* Build configuration list for PBXNativeTarget "vpn_extension_ios" */;
			buildPhases = (
				698BF1882F19E39000BFE4D7 /* Sources */,
				698BF1892F19E39000BFE4D7 /* Frameworks */,
				698BF18A2F19E39000BFE4D7 /* Resources */,
				698BF1A02F1A0EBB00BFE4D7 /* Embed Frameworks */,
			);
			buildRules = (
			);
			dependencies = (
				7A0100392F00000100B1C2D3E4 /* PBXTargetDependency */,
			);
			fileSystemSynchronizedGroups = (
				698BF18F2F19E39000BFE4D7 /* vpn_extension_ios */,
				6A7B3100A1B2C3D4E5F60718 /* SharedCode */,
			);
			name = vpn_extension_ios;
			packageProductDependencies = (
			);
			productName = vpn_extension;
			productReference = 698BF18C2F19E39000BFE4D7 /* vpn_extension_ios.appex */;
			productType = "com.apple.product-type.app-extension";
		};
		6A7B2600A1B2C3D4E5F60718 /* MeshFluxMac */ = {
			isa = PBXNativeTarget;
			buildConfigurationList = 6A7B2700A1B2C3D4E5F60718 /* Build configuration list for PBXNativeTarget "MeshFluxMac" */;
			buildPhases = (
				6A7B2300A1B2C3D4E5F60718 /* Sources */,
				6A7B2200A1B2C3D4E5F60718 /* Frameworks */,
				6A7B2400A1B2C3D4E5F60718 /* Resources */,
				6A7B2100A1B2C3D4E5F60718 /* Embed Frameworks */,
				6A7B2101A1B2C3D4E5F60718 /* Embed Foundation Extensions */,
			);
			buildRules = (
			);
			dependencies = (
				6A7B2501A1B2C3D4E5F60718 /* PBXTargetDependency */,
				7A0100332F00000100B1C2D3E4 /* PBXTargetDependency */,
			);
			fileSystemSynchronizedGroups = (
				6A7B1E10A1B2C3D4E5F60718 /* MeshFluxMac */,
				6A7B3100A1B2C3D4E5F60718 /* SharedCode */,
			);
			name = MeshFluxMac;
			productName = OpenMeshMac;
			productReference = 6A7B1F00A1B2C3D4E5F60718 /* MeshFlux.app */;
			productType = "com.apple.product-type.application";
		};
		6A7B2601A1B2C3D4E5F60718 /* vpn_extension_macos */ = {
			isa = PBXNativeTarget;
			buildConfigurationList = 6A7B2701A1B2C3D4E5F60718 /* Build configuration list for PBXNativeTarget "vpn_extension_macos" */;
			buildPhases = (
				6A7B2301A1B2C3D4E5F60718 /* Sources */,
				6A7B2201A1B2C3D4E5F60718 /* Frameworks */,
				6A7B2401A1B2C3D4E5F60718 /* Resources */,
				6A7B2102A1B2C3D4E5F60718 /* Embed Frameworks */,
			);
			buildRules = (
			);
			dependencies = (
				7A0100342F00000100B1C2D3E4 /* PBXTargetDependency */,
			);
			fileSystemSynchronizedGroups = (
				6A7B1E11A1B2C3D4E5F60718 /* vpn_extension_macos */,
				6A7B3100A1B2C3D4E5F60718 /* SharedCode */,
			);
			name = vpn_extension_macos;
			productName = vpn_extension_macos;
			productReference = 6A7B1F01A1B2C3D4E5F60718 /* vpn_extension_macos.appex */;
			productType = "com.apple.product-type.app-extension";
		};
		7A0100302F00000100B1C2D3E4 /* VPNLibrary */ = {
			isa = PBXNativeTarget;
			buildConfigurationList = 7A0100352F00000100B1C2D3E4 /* Build configuration list for PBXNativeTarget "VPNLibrary" */;
			buildPhases = (
				7A0100322F00000100B1C2D3E4 /* Sources */,
				7A0100312F00000100B1C2D3E4 /* Frameworks */,
			);
			buildRules = (
			);
			dependencies = (
			);
			name = VPNLibrary;
			productName = VPNLibrary;
			productReference = 7A0100202F00000100B1C2D3E4 /* VPNLibrary.framework */;
			productType = "com.apple.product-type.framework";
		};
/* End PBXNativeTarget section */

/* Begin PBXProject section */
		69330A432F0F648F00882260 /* Project object */ = {
			isa = PBXProject;
			attributes = {
				BuildIndependentTargetsInParallel = 1;
				LastSwiftUpdateCheck = 2620;
				LastUpgradeCheck = 2620;
				TargetAttributes = {
					2B52F9682F23C1E200B4B2BA = {
						CreatedOnToolsVersion = 26.2;
					};
					2B52F9792F23C25100B4B2BA = {
						CreatedOnToolsVersion = 26.2;
					};
					69330A4A2F0F648F00882260 = {
						CreatedOnToolsVersion = 26.2;
					};
					698BF18B2F19E39000BFE4D7 = {
						CreatedOnToolsVersion = 26.2;
					};
					6A7B2600A1B2C3D4E5F60718 = {
						CreatedOnToolsVersion = 26.2;
					};
					6A7B2601A1B2C3D4E5F60718 = {
						CreatedOnToolsVersion = 26.2;
					};
				};
			};
			buildConfigurationList = 69330A462F0F648F00882260 /* Build configuration list for PBXProject "MeshFlux" */;
			developmentRegion = en;
			hasScannedForEncodings = 0;
			knownRegions = (
				en,
				Base,
			);
			mainGroup = 69330A422F0F648F00882260;
			minimizedProjectReferenceProxies = 1;
			preferredProjectObjectVersion = 77;
			productRefGroup = 69330A4C2F0F648F00882260 /* Products */;
			projectDirPath = "";
			projectRoot = "";
			targets = (
				69330A4A2F0F648F00882260 /* MeshFluxIos */,
				698BF18B2F19E39000BFE4D7 /* vpn_extension_ios */,
				6A7B2600A1B2C3D4E5F60718 /* MeshFluxMac */,
				6A7B2601A1B2C3D4E5F60718 /* vpn_extension_macos */,
				7A0100302F00000100B1C2D3E4 /* VPNLibrary */,
				2B52F9682F23C1E200B4B2BA /* MeshFlux.Sys */,
				2B52F9792F23C25100B4B2BA /* vpn_extension_macx */,
			);
		};
/* End PBXProject section */

/* Begin PBXResourcesBuildPhase section */
		2B52F9672F23C1E200B4B2BA /* Resources */ = {
			isa = PBXResourcesBuildPhase;
			buildActionMask = 2147483647;
			files = (
				694F16E32F2780A4006DB088 /* routing_rules.json in Resources */,
				694F16E42F2780A4006DB088 /* singbox_base_config.json in Resources */,
			);
			runOnlyForDeploymentPostprocessing = 0;
		};
		2B52F9782F23C25100B4B2BA /* Resources */ = {
			isa = PBXResourcesBuildPhase;
			buildActionMask = 2147483647;
			files = (
				694F16E52F2780BF006DB088 /* routing_rules.json in Resources */,
				694F16E62F2780BF006DB088 /* singbox_base_config.json in Resources */,
			);
			runOnlyForDeploymentPostprocessing = 0;
		};
		69330A492F0F648F00882260 /* Resources */ = {
			isa = PBXResourcesBuildPhase;
			buildActionMask = 2147483647;
			files = (
				2B7CD5CD2F11F39C00C7E32A /* Assets.xcassets in Resources */,
				6A7B3013A1B2C3D4E5F60718 /* MeshFluxMac/default_profile.json in Resources */,
				6A7B3002A1B2C3D4E5F60718 /* routing_rules.json in Resources */,
			);
			runOnlyForDeploymentPostprocessing = 0;
		};
		698BF18A2F19E39000BFE4D7 /* Resources */ = {
			isa = PBXResourcesBuildPhase;
			buildActionMask = 2147483647;
			files = (
				6A7B3009A1B2C3D4E5F60718 /* singbox_base_config.json in Resources */,
			);
			runOnlyForDeploymentPostprocessing = 0;
		};
		6A7B2400A1B2C3D4E5F60718 /* Resources */ = {
			isa = PBXResourcesBuildPhase;
			buildActionMask = 2147483647;
			files = (
				6A7B30A1A1B2C3D4E5F60718 /* routing_rules.json in Resources */,
			);
			runOnlyForDeploymentPostprocessing = 0;
		};
		6A7B2401A1B2C3D4E5F60718 /* Resources */ = {
			isa = PBXResourcesBuildPhase;
			buildActionMask = 2147483647;
			files = (
				6A7B3012A1B2C3D4E5F60718 /* MeshFluxMac/default_profile.json in Resources */,
				6A7B30A2A1B2C3D4E5F60718 /* routing_rules.json in Resources */,
			);
			runOnlyForDeploymentPostprocessing = 0;
		};
/* End PBXResourcesBuildPhase section */

/* Begin PBXShellScriptBuildPhase section */
		69330A7E2F0F958300882260 /* Flatten OpenMeshGo.framework for iOS shallow bundle */ = {
			isa = PBXShellScriptBuildPhase;
			alwaysOutOfDate = 1;
			buildActionMask = 2147483647;
			files = (
			);
			inputFileListPaths = (
			);
			inputPaths = (
				"${BUILT_PRODUCTS_DIR}/${FRAMEWORKS_FOLDER_PATH}/OpenMeshGo.framework/Versions/Current/Resources/Info.plist",
			);
			name = "Flatten OpenMeshGo.framework for iOS shallow bundle";
			outputFileListPaths = (
			);
			outputPaths = (
				"${BUILT_PRODUCTS_DIR}/${FRAMEWORKS_FOLDER_PATH}/OpenMeshGo.framework/Info.plist",
			);
			runOnlyForDeploymentPostprocessing = 0;
			shellPath = /bin/sh;
			shellScript = "# iOS shallow bundle: Info.plist must be at framework root.\nFRAMEWORK=\"${BUILT_PRODUCTS_DIR}/${FRAMEWORKS_FOLDER_PATH}/OpenMeshGo.framework\"\nif [ ! -d \"$FRAMEWORK\" ]; then\n  FRAMEWORK=\"${BUILT_PRODUCTS_DIR}/${WRAPPER_NAME}/Frameworks/OpenMeshGo.framework\"\nfi\nif [ ! -d \"$FRAMEWORK\" ]; then exit 0; fi\nSRC=\"${FRAMEWORK}/Versions/Current/Resources/Info.plist\"\nDST=\"${FRAMEWORK}/Info.plist\"\nif [ -f \"$SRC\" ]; then\n  cp -f \"$SRC\" \"$DST\"\nfi\nif [ ! -f \"$DST\" ]; then\n  printf '%s' '<?xml version=\"1.0\" encoding=\"UTF-8\"?><!DOCTYPE plist PUBLIC \"-//Apple//DTD PLIST 1.0//EN\" \"http://www.apple.com/DTDs/PropertyList-1.0.dtd\"><plist version=\"1.0\"><dict><key>CFBundleIdentifier</key><string>org.openmesh.OpenMeshGo</string><key>CFBundleExecutable</key><string>OpenMeshGo</string><key>CFBundleName</key><string>OpenMeshGo</string><key>CFBundlePackageType</key><string>FMWK</string><key>CFBundleShortVersionString</key><string>1.0</string><key>CFBundleVersion</key><string>1</string></dict></plist>' > \"$DST\"\nfi\nexit 0\n";
		};
/* End PBXShellScriptBuildPhase section */

/* Begin PBXSourcesBuildPhase section */
		2B52F9652F23C1E200B4B2BA /* Sources */ = {
			isa = PBXSourcesBuildPhase;
			buildActionMask = 2147483647;
			files = (
			);
			runOnlyForDeploymentPostprocessing = 0;
		};
		2B52F9762F23C25100B4B2BA /* Sources */ = {
			isa = PBXSourcesBuildPhase;
			buildActionMask = 2147483647;
			files = (
			);
			runOnlyForDeploymentPostprocessing = 0;
		};
		69330A472F0F648F00882260 /* Sources */ = {
			isa = PBXSourcesBuildPhase;
			buildActionMask = 2147483647;
			files = (
				C579F42930F54C93A7C797F5 /* AppDelegate.swift in Sources */,
				2B7CD5C72F11F39C00C7E32A /* OpenMeshApp.swift in Sources */,
			);
			runOnlyForDeploymentPostprocessing = 0;
		};
		698BF1882F19E39000BFE4D7 /* Sources */ = {
			isa = PBXSourcesBuildPhase;
			buildActionMask = 2147483647;
			files = (
			);
			runOnlyForDeploymentPostprocessing = 0;
		};
		6A7B2300A1B2C3D4E5F60718 /* Sources */ = {
			isa = PBXSourcesBuildPhase;
			buildActionMask = 2147483647;
			files = (
			);
			runOnlyForDeploymentPostprocessing = 0;
		};
		6A7B2301A1B2C3D4E5F60718 /* Sources */ = {
			isa = PBXSourcesBuildPhase;
			buildActionMask = 2147483647;
			files = (
			);
			runOnlyForDeploymentPostprocessing = 0;
		};
		7A0100322F00000100B1C2D3E4 /* Sources */ = {
			isa = PBXSourcesBuildPhase;
			buildActionMask = 2147483647;
			files = (
				7A0100012F00000100B1C2D3E4 /* FilePath.swift in Sources */,
				7A0100022F00000100B1C2D3E4 /* Variant.swift in Sources */,
				7A0100032F00000100B1C2D3E4 /* Database.swift in Sources */,
				7A0100042F00000100B1C2D3E4 /* Profile.swift in Sources */,
				7A0100052F00000100B1C2D3E4 /* Profile+Date.swift in Sources */,
				7A0100062F00000100B1C2D3E4 /* Profile+Hashable.swift in Sources */,
				7A0100072F00000100B1C2D3E4 /* Profile+RW.swift in Sources */,
				7A0100082F00000100B1C2D3E4 /* ProfileManager.swift in Sources */,
				7A0100092F00000100B1C2D3E4 /* SharedPreferences.swift in Sources */,
				7A01000A2F00000100B1C2D3E4 /* SharedPreferences+Database.swift in Sources */,
				7A01000B2F00000100B1C2D3E4 /* Extension+RunBlocking.swift in Sources */,
				7A01000C2F00000100B1C2D3E4 /* ExtensionProfile.swift in Sources */,
				7A01001D2F00000100B1C2D3E4 /* DefaultProfileHelper.swift in Sources */,
			);
			runOnlyForDeploymentPostprocessing = 0;
		};
/* End PBXSourcesBuildPhase section */

/* Begin PBXTargetDependency section */
		2B52F9842F23C25100B4B2BA /* PBXTargetDependency */ = {
			isa = PBXTargetDependency;
			target = 2B52F9792F23C25100B4B2BA /* vpn_extension_macx */;
			targetProxy = 2B52F9832F23C25100B4B2BA /* PBXContainerItemProxy */;
		};
		698BF1952F19E39000BFE4D7 /* PBXTargetDependency */ = {
			isa = PBXTargetDependency;
			target = 698BF18B2F19E39000BFE4D7 /* vpn_extension_ios */;
			targetProxy = 698BF1942F19E39000BFE4D7 /* PBXContainerItemProxy */;
		};
		6A7B2501A1B2C3D4E5F60718 /* PBXTargetDependency */ = {
			isa = PBXTargetDependency;
			target = 6A7B2601A1B2C3D4E5F60718 /* vpn_extension_macos */;
			targetProxy = 6A7B2500A1B2C3D4E5F60718 /* PBXContainerItemProxy */;
		};
		7A0100332F00000100B1C2D3E4 /* PBXTargetDependency */ = {
			isa = PBXTargetDependency;
			target = 7A0100302F00000100B1C2D3E4 /* VPNLibrary */;
			targetProxy = 7A0100212F00000100B1C2D3E4 /* PBXContainerItemProxy */;
		};
		7A0100342F00000100B1C2D3E4 /* PBXTargetDependency */ = {
			isa = PBXTargetDependency;
			target = 7A0100302F00000100B1C2D3E4 /* VPNLibrary */;
			targetProxy = 7A0100222F00000100B1C2D3E4 /* PBXContainerItemProxy */;
		};
		7A0100392F00000100B1C2D3E4 /* PBXTargetDependency */ = {
			isa = PBXTargetDependency;
			target = 7A0100302F00000100B1C2D3E4 /* VPNLibrary */;
			targetProxy = 7A0100382F00000100B1C2D3E4 /* PBXContainerItemProxy */;
		};
		7A0100552F00000100B1C2D3E4 /* PBXTargetDependency */ = {
			isa = PBXTargetDependency;
			target = 7A0100302F00000100B1C2D3E4 /* VPNLibrary */;
			targetProxy = 7A0100542F00000100B1C2D3E4 /* PBXContainerItemProxy */;
		};
/* End PBXTargetDependency section */

/* Begin XCBuildConfiguration section */
		2B52F9732F23C1E500B4B2BA /* Debug */ = {
			isa = XCBuildConfiguration;
			buildSettings = {
				ASSETCATALOG_COMPILER_APPICON_NAME = AppIcon;
				ASSETCATALOG_COMPILER_GLOBAL_ACCENT_COLOR_NAME = AccentColor;
				ASSETCATALOG_COMPILER_INCLUDE_ALL_APPICON_ASSETS = NO;
				CODE_SIGN_ENTITLEMENTS = MeshFlux.Sys/OpenMesh.Sys.entitlements;
				"CODE_SIGN_IDENTITY[sdk=macosx*]" = "Developer ID Application";
				CODE_SIGN_STYLE = Manual;
				COMBINE_HIDPI_IMAGES = YES;
				CURRENT_PROJECT_VERSION = 1;
				DEVELOPMENT_TEAM = "";
				"DEVELOPMENT_TEAM[sdk=macosx*]" = 2XYK8RBB6M;
				ENABLE_APP_SANDBOX = NO;
				ENABLE_HARDENED_RUNTIME = YES;
				ENABLE_PREVIEWS = YES;
				ENABLE_USER_SELECTED_FILES = readonly;
				GENERATE_INFOPLIST_FILE = YES;
				INFOPLIST_FILE = MeshFlux.sys/Info.plist;
				INFOPLIST_KEY_CFBundleDisplayName = "MeshFlux X";
				INFOPLIST_KEY_LSApplicationCategoryType = "public.app-category.utilities";
				INFOPLIST_KEY_LSUIElement = YES;
				INFOPLIST_KEY_NSHumanReadableCopyright = "";
				INFOPLIST_KEY_NSSystemExtensionUsageDescription = "MeshFlux  X needs permission to install the network system extension.";
				LD_RUNPATH_SEARCH_PATHS = (
					"$(inherited)",
					"@executable_path/../Frameworks",
				);
				MACOSX_DEPLOYMENT_TARGET = 13.5;
				MARKETING_VERSION = 1.0;
				PRODUCT_BUNDLE_IDENTIFIER = com.meshnetprotocol.OpenMesh.macsys;
				PRODUCT_NAME = "MeshFlux X";
				PROVISIONING_PROFILE_SPECIFIER = "";
				"PROVISIONING_PROFILE_SPECIFIER[sdk=macosx*]" = openmesh_mac_main_app;
				SDKROOT = macosx;
				STRING_CATALOG_GENERATE_SYMBOLS = YES;
				SWIFT_APPROACHABLE_CONCURRENCY = YES;
				SWIFT_DEFAULT_ACTOR_ISOLATION = MainActor;
				SWIFT_EMIT_LOC_STRINGS = YES;
				SWIFT_UPCOMING_FEATURE_MEMBER_IMPORT_VISIBILITY = YES;
				SWIFT_VERSION = 5.0;
			};
			name = Debug;
		};
		2B52F9742F23C1E500B4B2BA /* Release */ = {
			isa = XCBuildConfiguration;
			buildSettings = {
				ASSETCATALOG_COMPILER_APPICON_NAME = AppIcon;
				ASSETCATALOG_COMPILER_GLOBAL_ACCENT_COLOR_NAME = AccentColor;
				ASSETCATALOG_COMPILER_INCLUDE_ALL_APPICON_ASSETS = NO;
				CODE_SIGN_ENTITLEMENTS = MeshFlux.Sys/OpenMesh.Sys.entitlements;
				"CODE_SIGN_IDENTITY[sdk=macosx*]" = "Developer ID Application";
				CODE_SIGN_STYLE = Manual;
				COMBINE_HIDPI_IMAGES = YES;
				CURRENT_PROJECT_VERSION = 1;
				DEVELOPMENT_TEAM = "";
				"DEVELOPMENT_TEAM[sdk=macosx*]" = 2XYK8RBB6M;
				ENABLE_APP_SANDBOX = NO;
				ENABLE_HARDENED_RUNTIME = YES;
				ENABLE_PREVIEWS = YES;
				ENABLE_USER_SELECTED_FILES = readonly;
				GENERATE_INFOPLIST_FILE = YES;
				INFOPLIST_FILE = MeshFlux.sys/Info.plist;
				INFOPLIST_KEY_CFBundleDisplayName = "MeshFlux X";
				INFOPLIST_KEY_LSApplicationCategoryType = "public.app-category.utilities";
				INFOPLIST_KEY_LSUIElement = YES;
				INFOPLIST_KEY_NSHumanReadableCopyright = "";
				INFOPLIST_KEY_NSSystemExtensionUsageDescription = "MeshFlux  X needs permission to install the network system extension.";
				LD_RUNPATH_SEARCH_PATHS = (
					"$(inherited)",
					"@executable_path/../Frameworks",
				);
				MACOSX_DEPLOYMENT_TARGET = 13.5;
				MARKETING_VERSION = 1.0;
				PRODUCT_BUNDLE_IDENTIFIER = com.meshnetprotocol.OpenMesh.macsys;
				PRODUCT_NAME = "MeshFlux X";
				PROVISIONING_PROFILE_SPECIFIER = "";
				"PROVISIONING_PROFILE_SPECIFIER[sdk=macosx*]" = openmesh_mac_main_app;
				SDKROOT = macosx;
				STRING_CATALOG_GENERATE_SYMBOLS = YES;
				SWIFT_APPROACHABLE_CONCURRENCY = YES;
				SWIFT_DEFAULT_ACTOR_ISOLATION = MainActor;
				SWIFT_EMIT_LOC_STRINGS = YES;
				SWIFT_UPCOMING_FEATURE_MEMBER_IMPORT_VISIBILITY = YES;
				SWIFT_VERSION = 5.0;
			};
			name = Release;
		};
		2B52F9882F23C25100B4B2BA /* Debug */ = {
			isa = XCBuildConfiguration;
			buildSettings = {
				CODE_SIGN_ENTITLEMENTS = vpn_extension_macx/OpenMesh_Sys_ext.entitlements;
				"CODE_SIGN_IDENTITY[sdk=macosx*]" = "Developer ID Application";
				CODE_SIGN_STYLE = Manual;
				CURRENT_PROJECT_VERSION = 1;
				DEVELOPMENT_TEAM = "";
				"DEVELOPMENT_TEAM[sdk=macosx*]" = 2XYK8RBB6M;
				ENABLE_APP_SANDBOX = NO;
				ENABLE_HARDENED_RUNTIME = YES;
				GENERATE_INFOPLIST_FILE = NO;
				INFOPLIST_FILE = vpn_extension_macx/Info.plist;
				INFOPLIST_KEY_CFBundleDisplayName = OpenMeshSys;
				INFOPLIST_KEY_NSHumanReadableCopyright = "";
				INFOPLIST_KEY_NSSystemExtensionUsageDescription = "OpenMesh needs permission to install the network system extension.";
				LD_RUNPATH_SEARCH_PATHS = (
					"$(inherited)",
					"@executable_path/../Frameworks",
					"@executable_path/../../../../Frameworks",
				);
				MACOSX_DEPLOYMENT_TARGET = 13.5;
				MARKETING_VERSION = 1.0;
				PRODUCT_BUNDLE_IDENTIFIER = "com.meshnetprotocol.OpenMesh.macsys.vpn-extension";
				PRODUCT_NAME = "com.meshnetprotocol.OpenMesh.macsys.vpn-extension";
				PROVISIONING_PROFILE_SPECIFIER = "";
				"PROVISIONING_PROFILE_SPECIFIER[sdk=macosx*]" = openmesh_mac_extension;
				REGISTER_APP_GROUPS = YES;
				SDKROOT = macosx;
				SKIP_INSTALL = YES;
				STRING_CATALOG_GENERATE_SYMBOLS = YES;
				SWIFT_APPROACHABLE_CONCURRENCY = YES;
				SWIFT_EMIT_LOC_STRINGS = YES;
				SWIFT_UPCOMING_FEATURE_MEMBER_IMPORT_VISIBILITY = YES;
				SWIFT_VERSION = 5.0;
			};
			name = Debug;
		};
		2B52F9892F23C25100B4B2BA /* Release */ = {
			isa = XCBuildConfiguration;
			buildSettings = {
				CODE_SIGN_ENTITLEMENTS = vpn_extension_macx/OpenMesh_Sys_ext.entitlements;
				"CODE_SIGN_IDENTITY[sdk=macosx*]" = "Developer ID Application";
				CODE_SIGN_STYLE = Manual;
				CURRENT_PROJECT_VERSION = 1;
				DEVELOPMENT_TEAM = "";
				"DEVELOPMENT_TEAM[sdk=macosx*]" = 2XYK8RBB6M;
				ENABLE_APP_SANDBOX = NO;
				ENABLE_HARDENED_RUNTIME = YES;
				GENERATE_INFOPLIST_FILE = YES;
				INFOPLIST_FILE = vpn_extension_macx/Info.plist;
				INFOPLIST_KEY_CFBundleDisplayName = OpenMeshSys;
				INFOPLIST_KEY_NSHumanReadableCopyright = "";
				INFOPLIST_KEY_NSSystemExtensionUsageDescription = "OpenMesh needs permission to install the network system extension.";
				LD_RUNPATH_SEARCH_PATHS = (
					"$(inherited)",
					"@executable_path/../Frameworks",
					"@executable_path/../../../../Frameworks",
				);
				MACOSX_DEPLOYMENT_TARGET = 13.5;
				MARKETING_VERSION = 1.0;
				PRODUCT_BUNDLE_IDENTIFIER = "com.meshnetprotocol.OpenMesh.macsys.vpn-extension";
				PRODUCT_NAME = "com.meshnetprotocol.OpenMesh.macsys.vpn-extension";
				PROVISIONING_PROFILE_SPECIFIER = "";
				"PROVISIONING_PROFILE_SPECIFIER[sdk=macosx*]" = openmesh_mac_extension;
				REGISTER_APP_GROUPS = YES;
				SDKROOT = macosx;
				SKIP_INSTALL = YES;
				STRING_CATALOG_GENERATE_SYMBOLS = YES;
				SWIFT_APPROACHABLE_CONCURRENCY = YES;
				SWIFT_EMIT_LOC_STRINGS = YES;
				SWIFT_UPCOMING_FEATURE_MEMBER_IMPORT_VISIBILITY = YES;
				SWIFT_VERSION = 5.0;
			};
			name = Release;
		};
		69330A562F0F649100882260 /* Debug */ = {
			isa = XCBuildConfiguration;
			buildSettings = {
				ALWAYS_SEARCH_USER_PATHS = NO;
				ASSETCATALOG_COMPILER_GENERATE_SWIFT_ASSET_SYMBOL_EXTENSIONS = YES;
				CLANG_ANALYZER_NONNULL = YES;
				CLANG_ANALYZER_NUMBER_OBJECT_CONVERSION = YES_AGGRESSIVE;
				CLANG_CXX_LANGUAGE_STANDARD = "gnu++20";
				CLANG_ENABLE_MODULES = YES;
				CLANG_ENABLE_OBJC_ARC = YES;
				CLANG_ENABLE_OBJC_WEAK = YES;
				CLANG_WARN_BLOCK_CAPTURE_AUTORELEASING = YES;
				CLANG_WARN_BOOL_CONVERSION = YES;
				CLANG_WARN_COMMA = YES;
				CLANG_WARN_CONSTANT_CONVERSION = YES;
				CLANG_WARN_DEPRECATED_OBJC_IMPLEMENTATIONS = YES;
				CLANG_WARN_DIRECT_OBJC_ISA_USAGE = YES_ERROR;
				CLANG_WARN_DOCUMENTATION_COMMENTS = YES;
				CLANG_WARN_EMPTY_BODY = YES;
				CLANG_WARN_ENUM_CONVERSION = YES;
				CLANG_WARN_INFINITE_RECURSION = YES;
				CLANG_WARN_INT_CONVERSION = YES;
				CLANG_WARN_NON_LITERAL_NULL_CONVERSION = YES;
				CLANG_WARN_OBJC_IMPLICIT_RETAIN_SELF = YES;
				CLANG_WARN_OBJC_LITERAL_CONVERSION = YES;
				CLANG_WARN_OBJC_ROOT_CLASS = YES_ERROR;
				CLANG_WARN_QUOTED_INCLUDE_IN_FRAMEWORK_HEADER = YES;
				CLANG_WARN_RANGE_LOOP_ANALYSIS = YES;
				CLANG_WARN_STRICT_PROTOTYPES = YES;
				CLANG_WARN_SUSPICIOUS_MOVE = YES;
				CLANG_WARN_UNGUARDED_AVAILABILITY = YES_AGGRESSIVE;
				CLANG_WARN_UNREACHABLE_CODE = YES;
				CLANG_WARN__DUPLICATE_METHOD_MATCH = YES;
				COPY_PHASE_STRIP = NO;
				DEBUG_INFORMATION_FORMAT = dwarf;
				DEVELOPMENT_TEAM = 2XYK8RBB6M;
				ENABLE_STRICT_OBJC_MSGSEND = YES;
				ENABLE_TESTABILITY = YES;
				ENABLE_USER_SCRIPT_SANDBOXING = YES;
				GCC_C_LANGUAGE_STANDARD = gnu17;
				GCC_DYNAMIC_NO_PIC = NO;
				GCC_NO_COMMON_BLOCKS = YES;
				GCC_OPTIMIZATION_LEVEL = 0;
				GCC_PREPROCESSOR_DEFINITIONS = (
					"DEBUG=1",
					"$(inherited)",
				);
				GCC_WARN_64_TO_32_BIT_CONVERSION = YES;
				GCC_WARN_ABOUT_RETURN_TYPE = YES_ERROR;
				GCC_WARN_UNDECLARED_SELECTOR = YES;
				GCC_WARN_UNINITIALIZED_AUTOS = YES_AGGRESSIVE;
				GCC_WARN_UNUSED_FUNCTION = YES;
				GCC_WARN_UNUSED_VARIABLE = YES;
				IPHONEOS_DEPLOYMENT_TARGET = 26.2;
				LOCALIZATION_PREFERS_STRING_CATALOGS = YES;
				MTL_ENABLE_DEBUG_INFO = INCLUDE_SOURCE;
				MTL_FAST_MATH = YES;
				ONLY_ACTIVE_ARCH = YES;
				OTHER_SWIFT_FLAGS = "$(inherited) -Xcc -Wno-nullability -Xcc -Wno-nullability-completeness";
				SDKROOT = iphoneos;
				SWIFT_ACTIVE_COMPILATION_CONDITIONS = "DEBUG $(inherited)";
				SWIFT_OPTIMIZATION_LEVEL = "-Onone";
			};
			name = Debug;
		};
		69330A572F0F649100882260 /* Release */ = {
			isa = XCBuildConfiguration;
			buildSettings = {
				ALWAYS_SEARCH_USER_PATHS = NO;
				ASSETCATALOG_COMPILER_GENERATE_SWIFT_ASSET_SYMBOL_EXTENSIONS = YES;
				CLANG_ANALYZER_NONNULL = YES;
				CLANG_ANALYZER_NUMBER_OBJECT_CONVERSION = YES_AGGRESSIVE;
				CLANG_CXX_LANGUAGE_STANDARD = "gnu++20";
				CLANG_ENABLE_MODULES = YES;
				CLANG_ENABLE_OBJC_ARC = YES;
				CLANG_ENABLE_OBJC_WEAK = YES;
				CLANG_WARN_BLOCK_CAPTURE_AUTORELEASING = YES;
				CLANG_WARN_BOOL_CONVERSION = YES;
				CLANG_WARN_COMMA = YES;
				CLANG_WARN_CONSTANT_CONVERSION = YES;
				CLANG_WARN_DEPRECATED_OBJC_IMPLEMENTATIONS = YES;
				CLANG_WARN_DIRECT_OBJC_ISA_USAGE = YES_ERROR;
				CLANG_WARN_DOCUMENTATION_COMMENTS = YES;
				CLANG_WARN_EMPTY_BODY = YES;
				CLANG_WARN_ENUM_CONVERSION = YES;
				CLANG_WARN_INFINITE_RECURSION = YES;
				CLANG_WARN_INT_CONVERSION = YES;
				CLANG_WARN_NON_LITERAL_NULL_CONVERSION = YES;
				CLANG_WARN_OBJC_IMPLICIT_RETAIN_SELF = YES;
				CLANG_WARN_OBJC_LITERAL_CONVERSION = YES;
				CLANG_WARN_OBJC_ROOT_CLASS = YES_ERROR;
				CLANG_WARN_QUOTED_INCLUDE_IN_FRAMEWORK_HEADER = YES;
				CLANG_WARN_RANGE_LOOP_ANALYSIS = YES;
				CLANG_WARN_STRICT_PROTOTYPES = YES;
				CLANG_WARN_SUSPICIOUS_MOVE = YES;
				CLANG_WARN_UNGUARDED_AVAILABILITY = YES_AGGRESSIVE;
				CLANG_WARN_UNREACHABLE_CODE = YES;
				CLANG_WARN__DUPLICATE_METHOD_MATCH = YES;
				COPY_PHASE_STRIP = NO;
				DEBUG_INFORMATION_FORMAT = "dwarf-with-dsym";
				DEVELOPMENT_TEAM = 2XYK8RBB6M;
				ENABLE_NS_ASSERTIONS = NO;
				ENABLE_STRICT_OBJC_MSGSEND = YES;
				ENABLE_USER_SCRIPT_SANDBOXING = YES;
				GCC_C_LANGUAGE_STANDARD = gnu17;
				GCC_NO_COMMON_BLOCKS = YES;
				GCC_WARN_64_TO_32_BIT_CONVERSION = YES;
				GCC_WARN_ABOUT_RETURN_TYPE = YES_ERROR;
				GCC_WARN_UNDECLARED_SELECTOR = YES;
				GCC_WARN_UNINITIALIZED_AUTOS = YES_AGGRESSIVE;
				GCC_WARN_UNUSED_FUNCTION = YES;
				GCC_WARN_UNUSED_VARIABLE = YES;
				IPHONEOS_DEPLOYMENT_TARGET = 26.2;
				LOCALIZATION_PREFERS_STRING_CATALOGS = YES;
				MTL_ENABLE_DEBUG_INFO = NO;
				MTL_FAST_MATH = YES;
				OTHER_SWIFT_FLAGS = "$(inherited) -Xcc -Wno-nullability -Xcc -Wno-nullability-completeness";
				SDKROOT = iphoneos;
				SWIFT_COMPILATION_MODE = wholemodule;
				VALIDATE_PRODUCT = YES;
			};
			name = Release;
		};
		69330A592F0F649100882260 /* Debug */ = {
			isa = XCBuildConfiguration;
			buildSettings = {
				ASSETCATALOG_COMPILER_APPICON_NAME = AppIcon;
				ASSETCATALOG_COMPILER_GLOBAL_ACCENT_COLOR_NAME = AccentColor;
				CODE_SIGN_ENTITLEMENTS = MeshFluxIos/OpenMesh.entitlements;
				CODE_SIGN_STYLE = Automatic;
				CURRENT_PROJECT_VERSION = 3;
				DEVELOPMENT_TEAM = 2XYK8RBB6M;
				ENABLE_PREVIEWS = YES;
				GENERATE_INFOPLIST_FILE = YES;
				INFOPLIST_KEY_CFBundleDisplayName = MeshFlux;
				INFOPLIST_KEY_LSApplicationCategoryType = "public.app-category.utilities";
				INFOPLIST_KEY_UIApplicationSceneManifest_Generation = YES;
				INFOPLIST_KEY_UIApplicationSupportsIndirectInputEvents = YES;
				INFOPLIST_KEY_UILaunchScreen_Generation = YES;
				INFOPLIST_KEY_UISupportedInterfaceOrientations_iPad = "UIInterfaceOrientationPortrait UIInterfaceOrientationPortraitUpsideDown UIInterfaceOrientationLandscapeLeft UIInterfaceOrientationLandscapeRight";
				INFOPLIST_KEY_UISupportedInterfaceOrientations_iPhone = "UIInterfaceOrientationPortrait UIInterfaceOrientationLandscapeLeft UIInterfaceOrientationLandscapeRight";
				IPHONEOS_DEPLOYMENT_TARGET = 15.6;
				LD_RUNPATH_SEARCH_PATHS = (
					"$(inherited)",
					"@executable_path/Frameworks",
				);
				MARKETING_VERSION = 1.0;
				PRODUCT_BUNDLE_IDENTIFIER = com.meshnetprotocol.OpenMesh;
				PRODUCT_NAME = MeshFlux;
				STRING_CATALOG_GENERATE_SYMBOLS = YES;
				SWIFT_APPROACHABLE_CONCURRENCY = YES;
				SWIFT_DEFAULT_ACTOR_ISOLATION = MainActor;
				SWIFT_EMIT_LOC_STRINGS = YES;
				SWIFT_UPCOMING_FEATURE_MEMBER_IMPORT_VISIBILITY = YES;
				SWIFT_VERSION = 5.0;
				TARGETED_DEVICE_FAMILY = "1,2";
			};
			name = Debug;
		};
		69330A5A2F0F649100882260 /* Release */ = {
			isa = XCBuildConfiguration;
			buildSettings = {
				ASSETCATALOG_COMPILER_APPICON_NAME = AppIcon;
				ASSETCATALOG_COMPILER_GLOBAL_ACCENT_COLOR_NAME = AccentColor;
				CODE_SIGN_ENTITLEMENTS = MeshFluxIos/OpenMesh.entitlements;
				CODE_SIGN_STYLE = Automatic;
				CURRENT_PROJECT_VERSION = 3;
				DEVELOPMENT_TEAM = 2XYK8RBB6M;
				ENABLE_PREVIEWS = YES;
				GENERATE_INFOPLIST_FILE = YES;
				INFOPLIST_KEY_CFBundleDisplayName = MeshFlux;
				INFOPLIST_KEY_LSApplicationCategoryType = "public.app-category.utilities";
				INFOPLIST_KEY_UIApplicationSceneManifest_Generation = YES;
				INFOPLIST_KEY_UIApplicationSupportsIndirectInputEvents = YES;
				INFOPLIST_KEY_UILaunchScreen_Generation = YES;
				INFOPLIST_KEY_UISupportedInterfaceOrientations_iPad = "UIInterfaceOrientationPortrait UIInterfaceOrientationPortraitUpsideDown UIInterfaceOrientationLandscapeLeft UIInterfaceOrientationLandscapeRight";
				INFOPLIST_KEY_UISupportedInterfaceOrientations_iPhone = "UIInterfaceOrientationPortrait UIInterfaceOrientationLandscapeLeft UIInterfaceOrientationLandscapeRight";
				IPHONEOS_DEPLOYMENT_TARGET = 15.6;
				LD_RUNPATH_SEARCH_PATHS = (
					"$(inherited)",
					"@executable_path/Frameworks",
				);
				MARKETING_VERSION = 1.0;
				PRODUCT_BUNDLE_IDENTIFIER = com.meshnetprotocol.OpenMesh;
				PRODUCT_NAME = MeshFlux;
				STRING_CATALOG_GENERATE_SYMBOLS = YES;
				SWIFT_APPROACHABLE_CONCURRENCY = YES;
				SWIFT_DEFAULT_ACTOR_ISOLATION = MainActor;
				SWIFT_EMIT_LOC_STRINGS = YES;
				SWIFT_UPCOMING_FEATURE_MEMBER_IMPORT_VISIBILITY = YES;
				SWIFT_VERSION = 5.0;
				TARGETED_DEVICE_FAMILY = "1,2";
			};
			name = Release;
		};
		698BF1982F19E39000BFE4D7 /* Debug */ = {
			isa = XCBuildConfiguration;
			buildSettings = {
				CODE_SIGN_ENTITLEMENTS = vpn_extension_ios/vpn_extension.entitlements;
				CODE_SIGN_STYLE = Automatic;
				CURRENT_PROJECT_VERSION = 3;
				DEVELOPMENT_TEAM = 2XYK8RBB6M;
				FRAMEWORK_SEARCH_PATHS = (
					"$(inherited)",
					"$(BUILT_PRODUCTS_DIR)",
				);
				GENERATE_INFOPLIST_FILE = YES;
				INFOPLIST_FILE = vpn_extension_ios/Info.plist;
				INFOPLIST_KEY_CFBundleDisplayName = vpn_extension_ios;
				INFOPLIST_KEY_NSHumanReadableCopyright = "";
				INFOPLIST_KEY_NSSystemExtensionUsageDescription = "OpenMesh needs permission to install the network system extension.";
				IPHONEOS_DEPLOYMENT_TARGET = 15.6;
				LD_RUNPATH_SEARCH_PATHS = (
					"$(inherited)",
					"@executable_path/Frameworks",
					"@executable_path/../../Frameworks",
				);
				MARKETING_VERSION = 1.0;
				PRODUCT_BUNDLE_IDENTIFIER = "com.meshnetprotocol.OpenMesh.vpn-extension";
				PRODUCT_NAME = "$(TARGET_NAME)";
				SKIP_INSTALL = YES;
				STRING_CATALOG_GENERATE_SYMBOLS = YES;
				SWIFT_APPROACHABLE_CONCURRENCY = YES;
				SWIFT_EMIT_LOC_STRINGS = YES;
				SWIFT_UPCOMING_FEATURE_MEMBER_IMPORT_VISIBILITY = YES;
				SWIFT_VERSION = 5.0;
				TARGETED_DEVICE_FAMILY = "1,2";
			};
			name = Debug;
		};
		698BF1992F19E39000BFE4D7 /* Release */ = {
			isa = XCBuildConfiguration;
			buildSettings = {
				CODE_SIGN_ENTITLEMENTS = vpn_extension_ios/vpn_extension.entitlements;
				CODE_SIGN_STYLE = Automatic;
				CURRENT_PROJECT_VERSION = 3;
				DEVELOPMENT_TEAM = 2XYK8RBB6M;
				FRAMEWORK_SEARCH_PATHS = (
					"$(inherited)",
					"$(BUILT_PRODUCTS_DIR)",
				);
				GENERATE_INFOPLIST_FILE = YES;
				INFOPLIST_FILE = vpn_extension_ios/Info.plist;
				INFOPLIST_KEY_CFBundleDisplayName = vpn_extension_ios;
				INFOPLIST_KEY_NSHumanReadableCopyright = "";
				INFOPLIST_KEY_NSSystemExtensionUsageDescription = "OpenMesh needs permission to install the network system extension.";
				IPHONEOS_DEPLOYMENT_TARGET = 15.6;
				LD_RUNPATH_SEARCH_PATHS = (
					"$(inherited)",
					"@executable_path/Frameworks",
					"@executable_path/../../Frameworks",
				);
				MARKETING_VERSION = 1.0;
				PRODUCT_BUNDLE_IDENTIFIER = "com.meshnetprotocol.OpenMesh.vpn-extension";
				PRODUCT_NAME = "$(TARGET_NAME)";
				SKIP_INSTALL = YES;
				STRING_CATALOG_GENERATE_SYMBOLS = YES;
				SWIFT_APPROACHABLE_CONCURRENCY = YES;
				SWIFT_EMIT_LOC_STRINGS = YES;
				SWIFT_UPCOMING_FEATURE_MEMBER_IMPORT_VISIBILITY = YES;
				SWIFT_VERSION = 5.0;
				TARGETED_DEVICE_FAMILY = "1,2";
			};
			name = Release;
		};
		6A7B2710A1B2C3D4E5F60718 /* Debug */ = {
			isa = XCBuildConfiguration;
			buildSettings = {
				ASSETCATALOG_COMPILER_APPICON_NAME = AppIcon;
				ASSETCATALOG_COMPILER_GLOBAL_ACCENT_COLOR_NAME = AccentColor;
				CODE_SIGN_ENTITLEMENTS = MeshFluxMac/OpenMeshMac.entitlements;
				CODE_SIGN_IDENTITY = "Apple Development";
				CODE_SIGN_STYLE = Automatic;
				COMBINE_HIDPI_IMAGES = YES;
				CURRENT_PROJECT_VERSION = 20;
				DEVELOPMENT_TEAM = 2XYK8RBB6M;
				ENABLE_APP_SANDBOX = YES;
				ENABLE_HARDENED_RUNTIME = YES;
				ENABLE_PREVIEWS = YES;
				ENABLE_USER_SCRIPT_SANDBOXING = NO;
				GENERATE_INFOPLIST_FILE = YES;
				INFOPLIST_FILE = MeshFluxMac/Info.plist;
				INFOPLIST_KEY_CFBundleDisplayName = MeshFlux;
				INFOPLIST_KEY_LSApplicationCategoryType = "public.app-category.utilities";
				INFOPLIST_KEY_LSUIElement = YES;
				INFOPLIST_KEY_NSHumanReadableCopyright = "";
				INFOPLIST_KEY_NSSystemExtensionUsageDescription = "MeshFlux needs permission to install the network system extension.";
				LD_RUNPATH_SEARCH_PATHS = (
					"$(inherited)",
					"@executable_path/../Frameworks",
				);
				MACOSX_DEPLOYMENT_TARGET = 13.5;
				MARKETING_VERSION = 1.0;
				OTHER_CODE_SIGN_FLAGS = "";
				PRODUCT_BUNDLE_IDENTIFIER = com.meshnetprotocol.OpenMesh.mac;
				PRODUCT_NAME = MeshFlux;
				PROVISIONING_PROFILE_SPECIFIER = "";
				REGISTER_APP_GROUPS = YES;
				SDKROOT = macosx;
				STRING_CATALOG_GENERATE_SYMBOLS = YES;
				SWIFT_APPROACHABLE_CONCURRENCY = YES;
				SWIFT_DEFAULT_ACTOR_ISOLATION = MainActor;
				SWIFT_EMIT_LOC_STRINGS = YES;
				SWIFT_UPCOMING_FEATURE_MEMBER_IMPORT_VISIBILITY = YES;
				SWIFT_VERSION = 5.0;
			};
			name = Debug;
		};
		6A7B2711A1B2C3D4E5F60718 /* Release */ = {
			isa = XCBuildConfiguration;
			buildSettings = {
				ASSETCATALOG_COMPILER_APPICON_NAME = AppIcon;
				ASSETCATALOG_COMPILER_GLOBAL_ACCENT_COLOR_NAME = AccentColor;
				CODE_SIGN_ENTITLEMENTS = MeshFluxMac/OpenMeshMac.entitlements;
				CODE_SIGN_IDENTITY = "Apple Development";
				CODE_SIGN_STYLE = Automatic;
				COMBINE_HIDPI_IMAGES = YES;
				CURRENT_PROJECT_VERSION = 20;
				DEVELOPMENT_TEAM = 2XYK8RBB6M;
				ENABLE_APP_SANDBOX = YES;
				ENABLE_HARDENED_RUNTIME = YES;
				ENABLE_PREVIEWS = YES;
				ENABLE_USER_SCRIPT_SANDBOXING = NO;
				GENERATE_INFOPLIST_FILE = YES;
				INFOPLIST_FILE = MeshFluxMac/Info.plist;
				INFOPLIST_KEY_CFBundleDisplayName = MeshFlux;
				INFOPLIST_KEY_LSApplicationCategoryType = "public.app-category.utilities";
				INFOPLIST_KEY_LSUIElement = YES;
				INFOPLIST_KEY_NSHumanReadableCopyright = "";
				INFOPLIST_KEY_NSSystemExtensionUsageDescription = "MeshFlux needs permission to install the network system extension.";
				LD_RUNPATH_SEARCH_PATHS = (
					"$(inherited)",
					"@executable_path/../Frameworks",
				);
				MACOSX_DEPLOYMENT_TARGET = 13.5;
				MARKETING_VERSION = 1.0;
				OTHER_CODE_SIGN_FLAGS = "";
				PRODUCT_BUNDLE_IDENTIFIER = com.meshnetprotocol.OpenMesh.mac;
				PRODUCT_NAME = MeshFlux;
				PROVISIONING_PROFILE_SPECIFIER = "";
				REGISTER_APP_GROUPS = YES;
				SDKROOT = macosx;
				STRING_CATALOG_GENERATE_SYMBOLS = YES;
				SWIFT_APPROACHABLE_CONCURRENCY = YES;
				SWIFT_DEFAULT_ACTOR_ISOLATION = MainActor;
				SWIFT_EMIT_LOC_STRINGS = YES;
				SWIFT_UPCOMING_FEATURE_MEMBER_IMPORT_VISIBILITY = YES;
				SWIFT_VERSION = 5.0;
			};
			name = Release;
		};
		6A7B2712A1B2C3D4E5F60718 /* Debug */ = {
			isa = XCBuildConfiguration;
			buildSettings = {
				CODE_SIGN_ENTITLEMENTS = vpn_extension_macos/vpn_extension_macos.entitlements;
				CODE_SIGN_IDENTITY = "Apple Development";
				CODE_SIGN_STYLE = Automatic;
				CURRENT_PROJECT_VERSION = 20;
				DEVELOPMENT_TEAM = 2XYK8RBB6M;
				ENABLE_APP_SANDBOX = YES;
				ENABLE_HARDENED_RUNTIME = YES;
				ENABLE_USER_SCRIPT_SANDBOXING = NO;
				FRAMEWORK_SEARCH_PATHS = (
					"$(inherited)",
					"$(BUILT_PRODUCTS_DIR)",
				);
				GENERATE_INFOPLIST_FILE = YES;
				INFOPLIST_FILE = vpn_extension_macos/Info.plist;
				INFOPLIST_KEY_CFBundleDisplayName = vpn_extension_macos;
				INFOPLIST_KEY_NSHumanReadableCopyright = "";
				INFOPLIST_KEY_NSSystemExtensionUsageDescription = "OpenMesh needs permission to install the network system extension.";
				LD_RUNPATH_SEARCH_PATHS = (
					"$(inherited)",
					"@executable_path",
					"@executable_path/../Frameworks",
					"@executable_path/../../../../Frameworks",
				);
				MACOSX_DEPLOYMENT_TARGET = 13.5;
				MARKETING_VERSION = 1.0;
				OTHER_CODE_SIGN_FLAGS = "";
				PRODUCT_BUNDLE_IDENTIFIER = "com.meshnetprotocol.OpenMesh.mac.vpn-extension";
				PRODUCT_NAME = "$(TARGET_NAME)";
				PROVISIONING_PROFILE_SPECIFIER = "";
				REGISTER_APP_GROUPS = YES;
				SDKROOT = macosx;
				SKIP_INSTALL = YES;
				STRING_CATALOG_GENERATE_SYMBOLS = YES;
				SWIFT_APPROACHABLE_CONCURRENCY = YES;
				SWIFT_EMIT_LOC_STRINGS = YES;
				SWIFT_UPCOMING_FEATURE_MEMBER_IMPORT_VISIBILITY = YES;
				SWIFT_VERSION = 5.0;
			};
			name = Debug;
		};
		6A7B2713A1B2C3D4E5F60718 /* Release */ = {
			isa = XCBuildConfiguration;
			buildSettings = {
				CODE_SIGN_ENTITLEMENTS = vpn_extension_macos/vpn_extension_macos.entitlements;
				CODE_SIGN_IDENTITY = "Apple Development";
				CODE_SIGN_STYLE = Automatic;
				CURRENT_PROJECT_VERSION = 20;
				DEVELOPMENT_TEAM = 2XYK8RBB6M;
				ENABLE_APP_SANDBOX = YES;
				ENABLE_HARDENED_RUNTIME = YES;
				ENABLE_USER_SCRIPT_SANDBOXING = NO;
				FRAMEWORK_SEARCH_PATHS = (
					"$(inherited)",
					"$(BUILT_PRODUCTS_DIR)",
				);
				GENERATE_INFOPLIST_FILE = YES;
				INFOPLIST_FILE = vpn_extension_macos/Info.plist;
				INFOPLIST_KEY_CFBundleDisplayName = vpn_extension_macos;
				INFOPLIST_KEY_NSHumanReadableCopyright = "";
				INFOPLIST_KEY_NSSystemExtensionUsageDescription = "OpenMesh needs permission to install the network system extension.";
				LD_RUNPATH_SEARCH_PATHS = (
					"$(inherited)",
					"@executable_path/../Frameworks",
					"@executable_path/../../../../Frameworks",
				);
				MACOSX_DEPLOYMENT_TARGET = 13.5;
				MARKETING_VERSION = 1.0;
				OTHER_CODE_SIGN_FLAGS = "";
				PRODUCT_BUNDLE_IDENTIFIER = "com.meshnetprotocol.OpenMesh.mac.vpn-extension";
				PRODUCT_NAME = "$(TARGET_NAME)";
				PROVISIONING_PROFILE_SPECIFIER = "";
				REGISTER_APP_GROUPS = YES;
				SDKROOT = macosx;
				SKIP_INSTALL = YES;
				STRING_CATALOG_GENERATE_SYMBOLS = YES;
				SWIFT_APPROACHABLE_CONCURRENCY = YES;
				SWIFT_EMIT_LOC_STRINGS = YES;
				SWIFT_UPCOMING_FEATURE_MEMBER_IMPORT_VISIBILITY = YES;
				SWIFT_VERSION = 5.0;
			};
			name = Release;
		};
		7A0100362F00000100B1C2D3E4 /* Debug */ = {
			isa = XCBuildConfiguration;
			buildSettings = {
				CLANG_ENABLE_MODULES = YES;
				CODE_SIGN_IDENTITY = "Apple Development";
				CODE_SIGN_STYLE = Automatic;
				CURRENT_PROJECT_VERSION = 1;
				DEFINES_MODULE = YES;
				DEVELOPMENT_TEAM = 2XYK8RBB6M;
				DYLIB_INSTALL_NAME_BASE = "@rpath";
				GENERATE_INFOPLIST_FILE = YES;
				INFOPLIST_KEY_NSHumanReadableCopyright = "";
				INSTALL_PATH = "$(LOCAL_LIBRARY_DIR)/Frameworks";
				IPHONEOS_DEPLOYMENT_TARGET = 15.6;
				LD_RUNPATH_SEARCH_PATHS = (
					"$(inherited)",
					"@executable_path/Frameworks",
					"@loader_path/Frameworks",
				);
				MACOSX_DEPLOYMENT_TARGET = 13.5;
				MARKETING_VERSION = 1.0;
				PRODUCT_BUNDLE_IDENTIFIER = com.meshnetprotocol.OpenMesh.VPNLibrary;
				PRODUCT_NAME = "$(TARGET_NAME:c99extidentifier)";
				SKIP_INSTALL = YES;
				SUPPORTED_PLATFORMS = "macosx iphoneos iphonesimulator";
				SWIFT_EMIT_LOC_STRINGS = YES;
				SWIFT_VERSION = 5.0;
			};
			name = Debug;
		};
		7A0100372F00000100B1C2D3E4 /* Release */ = {
			isa = XCBuildConfiguration;
			buildSettings = {
				CLANG_ENABLE_MODULES = YES;
				CODE_SIGN_IDENTITY = "Apple Development";
				CODE_SIGN_STYLE = Automatic;
				CURRENT_PROJECT_VERSION = 1;
				DEFINES_MODULE = YES;
				DEVELOPMENT_TEAM = 2XYK8RBB6M;
				DYLIB_INSTALL_NAME_BASE = "@rpath";
				GENERATE_INFOPLIST_FILE = YES;
				INFOPLIST_KEY_NSHumanReadableCopyright = "";
				INSTALL_PATH = "$(LOCAL_LIBRARY_DIR)/Frameworks";
				IPHONEOS_DEPLOYMENT_TARGET = 15.6;
				LD_RUNPATH_SEARCH_PATHS = (
					"$(inherited)",
					"@executable_path/Frameworks",
					"@loader_path/Frameworks",
				);
				MACOSX_DEPLOYMENT_TARGET = 13.5;
				MARKETING_VERSION = 1.0;
				PRODUCT_BUNDLE_IDENTIFIER = com.meshnetprotocol.OpenMesh.VPNLibrary;
				PRODUCT_NAME = "$(TARGET_NAME:c99extidentifier)";
				SKIP_INSTALL = YES;
				SUPPORTED_PLATFORMS = "macosx iphoneos iphonesimulator";
				SWIFT_EMIT_LOC_STRINGS = YES;
				SWIFT_VERSION = 5.0;
			};
			name = Release;
		};
/* End XCBuildConfiguration section */

/* Begin XCConfigurationList section */
		2B52F9752F23C1E500B4B2BA /* Build configuration list for PBXNativeTarget "MeshFlux.Sys" */ = {
			isa = XCConfigurationList;
			buildConfigurations = (
				2B52F9732F23C1E500B4B2BA /* Debug */,
				2B52F9742F23C1E500B4B2BA /* Release */,
			);
			defaultConfigurationIsVisible = 0;
			defaultConfigurationName = Release;
		};
		2B52F9872F23C25100B4B2BA /* Build configuration list for PBXNativeTarget "vpn_extension_macx" */ = {
			isa = XCConfigurationList;
			buildConfigurations = (
				2B52F9882F23C25100B4B2BA /* Debug */,
				2B52F9892F23C25100B4B2BA /* Release */,
			);
			defaultConfigurationIsVisible = 0;
			defaultConfigurationName = Release;
		};
		69330A462F0F648F00882260 /* Build configuration list for PBXProject "MeshFlux" */ = {
			isa = XCConfigurationList;
			buildConfigurations = (
				69330A562F0F649100882260 /* Debug */,
				69330A572F0F649100882260 /* Release */,
			);
			defaultConfigurationIsVisible = 0;
			defaultConfigurationName = Release;
		};
		69330A582F0F649100882260 /* Build configuration list for PBXNativeTarget "MeshFluxIos" */ = {
			isa = XCConfigurationList;
			buildConfigurations = (
				69330A592F0F649100882260 /* Debug */,
				69330A5A2F0F649100882260 /* Release */,
			);
			defaultConfigurationIsVisible = 0;
			defaultConfigurationName = Release;
		};
		698BF19B2F19E39000BFE4D7 /* Build configuration list for PBXNativeTarget "vpn_extension_ios" */ = {
			isa = XCConfigurationList;
			buildConfigurations = (
				698BF1982F19E39000BFE4D7 /* Debug */,
				698BF1992F19E39000BFE4D7 /* Release */,
			);
			defaultConfigurationIsVisible = 0;
			defaultConfigurationName = Release;
		};
		6A7B2700A1B2C3D4E5F60718 /* Build configuration list for PBXNativeTarget "MeshFluxMac" */ = {
			isa = XCConfigurationList;
			buildConfigurations = (
				6A7B2710A1B2C3D4E5F60718 /* Debug */,
				6A7B2711A1B2C3D4E5F60718 /* Release */,
			);
			defaultConfigurationIsVisible = 0;
			defaultConfigurationName = Release;
		};
		6A7B2701A1B2C3D4E5F60718 /* Build configuration list for PBXNativeTarget "vpn_extension_macos" */ = {
			isa = XCConfigurationList;
			buildConfigurations = (
				6A7B2712A1B2C3D4E5F60718 /* Debug */,
				6A7B2713A1B2C3D4E5F60718 /* Release */,
			);
			defaultConfigurationIsVisible = 0;
			defaultConfigurationName = Release;
		};
		7A0100352F00000100B1C2D3E4 /* Build configuration list for PBXNativeTarget "VPNLibrary" */ = {
			isa = XCConfigurationList;
			buildConfigurations = (
				7A0100362F00000100B1C2D3E4 /* Debug */,
				7A0100372F00000100B1C2D3E4 /* Release */,
			);
			defaultConfigurationIsVisible = 0;
			defaultConfigurationName = Release;
		};
/* End XCConfigurationList section */
	};
	rootObject = 69330A432F0F648F00882260 /* Project object */;
}
